// !$*UTF8*$!
{
	archiveVersion = 1;
	classes = {
	};
	objectVersion = 50;
	objects = {

/* Begin PBXBuildFile section */
		5D02BD5F26909146007B6A1B /* LoadmoreIndicatorView.swift in Sources */ = {isa = PBXBuildFile; fileRef = 5D02BD5E26909146007B6A1B /* LoadmoreIndicatorView.swift */; };
		5D096A08247ABF5E00EF3E47 /* TabBar.swift in Sources */ = {isa = PBXBuildFile; fileRef = 5D096A07247ABF5E00EF3E47 /* TabBar.swift */; };
		5D1F4265249713640043F604 /* VEBlur.swift in Sources */ = {isa = PBXBuildFile; fileRef = 5D1F4264249713640043F604 /* VEBlur.swift */; };
		5D38DEF5268C21A800C48F94 /* ActivityIndicator.swift in Sources */ = {isa = PBXBuildFile; fileRef = 5D38DEF4268C21A800C48F94 /* ActivityIndicator.swift */; };
		5D436FED24791C2C00FFA37E /* MainPage.swift in Sources */ = {isa = PBXBuildFile; fileRef = 5D436FEC24791C2C00FFA37E /* MainPage.swift */; };
		5D436FEF24791C2D00FFA37E /* Assets.xcassets in Resources */ = {isa = PBXBuildFile; fileRef = 5D436FEE24791C2D00FFA37E /* Assets.xcassets */; };
		5D436FF224791C2D00FFA37E /* Preview Assets.xcassets in Resources */ = {isa = PBXBuildFile; fileRef = 5D436FF124791C2D00FFA37E /* Preview Assets.xcassets */; };
		5D43700024791C2D00FFA37E /* V2erTests.swift in Sources */ = {isa = PBXBuildFile; fileRef = 5D436FFF24791C2D00FFA37E /* V2erTests.swift */; };
		5D43700B24791C2D00FFA37E /* V2erUITests.swift in Sources */ = {isa = PBXBuildFile; fileRef = 5D43700A24791C2D00FFA37E /* V2erUITests.swift */; };
		5D4E43F82699DBC600650714 /* NewsContentView.swift in Sources */ = {isa = PBXBuildFile; fileRef = 5D4E43F72699DBC600650714 /* NewsContentView.swift */; };
		5D4E43FA2699DDE200650714 /* ReplyItemView.swift in Sources */ = {isa = PBXBuildFile; fileRef = 5D4E43F92699DDE200650714 /* ReplyItemView.swift */; };
		5D4E43FC2699E20400650714 /* AvatarView.swift in Sources */ = {isa = PBXBuildFile; fileRef = 5D4E43FB2699E20400650714 /* AvatarView.swift */; };
		5D5DA26A24A4939B005BC60F /* Extension.swift in Sources */ = {isa = PBXBuildFile; fileRef = 5D5DA26924A4939B005BC60F /* Extension.swift */; };
		5D6AAAAA26917E7B00F42A13 /* Helper.swift in Sources */ = {isa = PBXBuildFile; fileRef = 5D6AAAA926917E7B00F42A13 /* Helper.swift */; };
		5D6AAAAC2691851100F42A13 /* Utils.swift in Sources */ = {isa = PBXBuildFile; fileRef = 5D6AAAAB2691851100F42A13 /* Utils.swift */; };
		5D6AAAAF2692036100F42A13 /* NewsItemView.swift in Sources */ = {isa = PBXBuildFile; fileRef = 5D6AAAAE2692036100F42A13 /* NewsItemView.swift */; };
		5D6EE28B2693DC470053B637 /* NewsDetailPage.swift in Sources */ = {isa = PBXBuildFile; fileRef = 5D6EE28A2693DC470053B637 /* NewsDetailPage.swift */; };
		5D71DF55247C0FFE00B53ED4 /* NewsPage.swift in Sources */ = {isa = PBXBuildFile; fileRef = 5D71DF54247C0FFE00B53ED4 /* NewsPage.swift */; };
		5D71DF57247C153C00B53ED4 /* ExplorePage.swift in Sources */ = {isa = PBXBuildFile; fileRef = 5D71DF56247C153C00B53ED4 /* ExplorePage.swift */; };
		5D71DF59247C155400B53ED4 /* MessagePage.swift in Sources */ = {isa = PBXBuildFile; fileRef = 5D71DF58247C155400B53ED4 /* MessagePage.swift */; };
		5D71DF5B247C155D00B53ED4 /* MePage.swift in Sources */ = {isa = PBXBuildFile; fileRef = 5D71DF5A247C155D00B53ED4 /* MePage.swift */; };
		5D9D5221269542E600D80D6B /* UserDetailPage.swift in Sources */ = {isa = PBXBuildFile; fileRef = 5D9D5220269542E600D80D6B /* UserDetailPage.swift */; };
		5D9D5223269543DA00D80D6B /* TagDetailPage.swift in Sources */ = {isa = PBXBuildFile; fileRef = 5D9D5222269543DA00D80D6B /* TagDetailPage.swift */; };
		5DA69A4924ACBC8D00F8B77A /* V2erApp.swift in Sources */ = {isa = PBXBuildFile; fileRef = 5DA69A4824ACBC8D00F8B77A /* V2erApp.swift */; };
		5DCDE3942695D16B00261385 /* AuthorInfoView.swift in Sources */ = {isa = PBXBuildFile; fileRef = 5DCDE3932695D16B00261385 /* AuthorInfoView.swift */; };
		5DD440D3269F1F5E00EE0FAB /* Syles.swift in Sources */ = {isa = PBXBuildFile; fileRef = 5DD440D2269F1F5E00EE0FAB /* Syles.swift */; };
		5DE5B4CA2684601A00569684 /* TopBar.swift in Sources */ = {isa = PBXBuildFile; fileRef = 5DE5B4C92684601A00569684 /* TopBar.swift */; };
		5DE5B4CD268466D800569684 /* UpdatableView.swift in Sources */ = {isa = PBXBuildFile; fileRef = 5DE5B4CC268466D800569684 /* UpdatableView.swift */; };
		5DE5C579249D90AD0004DCC6 /* Color.swift in Sources */ = {isa = PBXBuildFile; fileRef = 5DE5C578249D90AD0004DCC6 /* Color.swift */; };
		5DF1B36D2698A39E0046DB20 /* Device.swift in Sources */ = {isa = PBXBuildFile; fileRef = 5DF1B36C2698A39E0046DB20 /* Device.swift */; };
		5DF92A5D26859DDD00E6086E /* HeadIndicatorView.swift in Sources */ = {isa = PBXBuildFile; fileRef = 5DF92A5C26859DDD00E6086E /* HeadIndicatorView.swift */; };
/* End PBXBuildFile section */

/* Begin PBXContainerItemProxy section */
		5D436FFC24791C2D00FFA37E /* PBXContainerItemProxy */ = {
			isa = PBXContainerItemProxy;
			containerPortal = 5D436FDD24791C2C00FFA37E /* Project object */;
			proxyType = 1;
			remoteGlobalIDString = 5D436FE424791C2C00FFA37E;
			remoteInfo = V2er;
		};
		5D43700724791C2D00FFA37E /* PBXContainerItemProxy */ = {
			isa = PBXContainerItemProxy;
			containerPortal = 5D436FDD24791C2C00FFA37E /* Project object */;
			proxyType = 1;
			remoteGlobalIDString = 5D436FE424791C2C00FFA37E;
			remoteInfo = V2er;
		};
/* End PBXContainerItemProxy section */

/* Begin PBXFileReference section */
		5D02BD5E26909146007B6A1B /* LoadmoreIndicatorView.swift */ = {isa = PBXFileReference; lastKnownFileType = sourcecode.swift; path = LoadmoreIndicatorView.swift; sourceTree = "<group>"; };
		5D096A07247ABF5E00EF3E47 /* TabBar.swift */ = {isa = PBXFileReference; lastKnownFileType = sourcecode.swift; path = TabBar.swift; sourceTree = "<group>"; };
		5D1F4264249713640043F604 /* VEBlur.swift */ = {isa = PBXFileReference; lastKnownFileType = sourcecode.swift; path = VEBlur.swift; sourceTree = "<group>"; };
		5D38DEF4268C21A800C48F94 /* ActivityIndicator.swift */ = {isa = PBXFileReference; lastKnownFileType = sourcecode.swift; path = ActivityIndicator.swift; sourceTree = "<group>"; };
		5D436FE524791C2C00FFA37E /* V2er.app */ = {isa = PBXFileReference; explicitFileType = wrapper.application; includeInIndex = 0; path = V2er.app; sourceTree = BUILT_PRODUCTS_DIR; };
		5D436FEC24791C2C00FFA37E /* MainPage.swift */ = {isa = PBXFileReference; lastKnownFileType = sourcecode.swift; path = MainPage.swift; sourceTree = "<group>"; };
		5D436FEE24791C2D00FFA37E /* Assets.xcassets */ = {isa = PBXFileReference; lastKnownFileType = folder.assetcatalog; path = Assets.xcassets; sourceTree = "<group>"; };
		5D436FF124791C2D00FFA37E /* Preview Assets.xcassets */ = {isa = PBXFileReference; lastKnownFileType = folder.assetcatalog; path = "Preview Assets.xcassets"; sourceTree = "<group>"; };
		5D436FF624791C2D00FFA37E /* Info.plist */ = {isa = PBXFileReference; lastKnownFileType = text.plist.xml; path = Info.plist; sourceTree = "<group>"; };
		5D436FFB24791C2D00FFA37E /* V2erTests.xctest */ = {isa = PBXFileReference; explicitFileType = wrapper.cfbundle; includeInIndex = 0; path = V2erTests.xctest; sourceTree = BUILT_PRODUCTS_DIR; };
		5D436FFF24791C2D00FFA37E /* V2erTests.swift */ = {isa = PBXFileReference; lastKnownFileType = sourcecode.swift; path = V2erTests.swift; sourceTree = "<group>"; };
		5D43700124791C2D00FFA37E /* Info.plist */ = {isa = PBXFileReference; lastKnownFileType = text.plist.xml; path = Info.plist; sourceTree = "<group>"; };
		5D43700624791C2D00FFA37E /* V2erUITests.xctest */ = {isa = PBXFileReference; explicitFileType = wrapper.cfbundle; includeInIndex = 0; path = V2erUITests.xctest; sourceTree = BUILT_PRODUCTS_DIR; };
		5D43700A24791C2D00FFA37E /* V2erUITests.swift */ = {isa = PBXFileReference; lastKnownFileType = sourcecode.swift; path = V2erUITests.swift; sourceTree = "<group>"; };
		5D43700C24791C2D00FFA37E /* Info.plist */ = {isa = PBXFileReference; lastKnownFileType = text.plist.xml; path = Info.plist; sourceTree = "<group>"; };
		5D4E43F72699DBC600650714 /* NewsContentView.swift */ = {isa = PBXFileReference; lastKnownFileType = sourcecode.swift; path = NewsContentView.swift; sourceTree = "<group>"; };
		5D4E43F92699DDE200650714 /* ReplyItemView.swift */ = {isa = PBXFileReference; lastKnownFileType = sourcecode.swift; path = ReplyItemView.swift; sourceTree = "<group>"; };
		5D4E43FB2699E20400650714 /* AvatarView.swift */ = {isa = PBXFileReference; lastKnownFileType = sourcecode.swift; path = AvatarView.swift; sourceTree = "<group>"; };
		5D5DA26924A4939B005BC60F /* Extension.swift */ = {isa = PBXFileReference; lastKnownFileType = sourcecode.swift; path = Extension.swift; sourceTree = "<group>"; };
		5D6AAAA926917E7B00F42A13 /* Helper.swift */ = {isa = PBXFileReference; lastKnownFileType = sourcecode.swift; path = Helper.swift; sourceTree = "<group>"; };
		5D6AAAAB2691851100F42A13 /* Utils.swift */ = {isa = PBXFileReference; lastKnownFileType = sourcecode.swift; path = Utils.swift; sourceTree = "<group>"; };
		5D6AAAAE2692036100F42A13 /* NewsItemView.swift */ = {isa = PBXFileReference; lastKnownFileType = sourcecode.swift; path = NewsItemView.swift; sourceTree = "<group>"; };
		5D6EE28A2693DC470053B637 /* NewsDetailPage.swift */ = {isa = PBXFileReference; lastKnownFileType = sourcecode.swift; path = NewsDetailPage.swift; sourceTree = "<group>"; };
		5D71DF54247C0FFE00B53ED4 /* NewsPage.swift */ = {isa = PBXFileReference; lastKnownFileType = sourcecode.swift; path = NewsPage.swift; sourceTree = "<group>"; };
		5D71DF56247C153C00B53ED4 /* ExplorePage.swift */ = {isa = PBXFileReference; lastKnownFileType = sourcecode.swift; path = ExplorePage.swift; sourceTree = "<group>"; };
		5D71DF58247C155400B53ED4 /* MessagePage.swift */ = {isa = PBXFileReference; lastKnownFileType = sourcecode.swift; path = MessagePage.swift; sourceTree = "<group>"; };
		5D71DF5A247C155D00B53ED4 /* MePage.swift */ = {isa = PBXFileReference; lastKnownFileType = sourcecode.swift; path = MePage.swift; sourceTree = "<group>"; };
		5D9D5220269542E600D80D6B /* UserDetailPage.swift */ = {isa = PBXFileReference; lastKnownFileType = sourcecode.swift; path = UserDetailPage.swift; sourceTree = "<group>"; };
		5D9D5222269543DA00D80D6B /* TagDetailPage.swift */ = {isa = PBXFileReference; lastKnownFileType = sourcecode.swift; path = TagDetailPage.swift; sourceTree = "<group>"; };
		5DA69A4824ACBC8D00F8B77A /* V2erApp.swift */ = {isa = PBXFileReference; lastKnownFileType = sourcecode.swift; path = V2erApp.swift; sourceTree = "<group>"; };
		5DCDE3932695D16B00261385 /* AuthorInfoView.swift */ = {isa = PBXFileReference; lastKnownFileType = sourcecode.swift; path = AuthorInfoView.swift; sourceTree = "<group>"; };
		5DD440D2269F1F5E00EE0FAB /* Syles.swift */ = {isa = PBXFileReference; lastKnownFileType = sourcecode.swift; path = Syles.swift; sourceTree = "<group>"; };
		5DE5B4C92684601A00569684 /* TopBar.swift */ = {isa = PBXFileReference; lastKnownFileType = sourcecode.swift; path = TopBar.swift; sourceTree = "<group>"; };
		5DE5B4CC268466D800569684 /* UpdatableView.swift */ = {isa = PBXFileReference; lastKnownFileType = sourcecode.swift; path = UpdatableView.swift; sourceTree = "<group>"; };
		5DE5C578249D90AD0004DCC6 /* Color.swift */ = {isa = PBXFileReference; lastKnownFileType = sourcecode.swift; path = Color.swift; sourceTree = "<group>"; };
		5DF1B36C2698A39E0046DB20 /* Device.swift */ = {isa = PBXFileReference; lastKnownFileType = sourcecode.swift; path = Device.swift; sourceTree = "<group>"; };
		5DF92A5C26859DDD00E6086E /* HeadIndicatorView.swift */ = {isa = PBXFileReference; lastKnownFileType = sourcecode.swift; path = HeadIndicatorView.swift; sourceTree = "<group>"; };
/* End PBXFileReference section */

/* Begin PBXFrameworksBuildPhase section */
		5D436FE224791C2C00FFA37E /* Frameworks */ = {
			isa = PBXFrameworksBuildPhase;
			buildActionMask = 2147483647;
			files = (
			);
			runOnlyForDeploymentPostprocessing = 0;
		};
		5D436FF824791C2D00FFA37E /* Frameworks */ = {
			isa = PBXFrameworksBuildPhase;
			buildActionMask = 2147483647;
			files = (
			);
			runOnlyForDeploymentPostprocessing = 0;
		};
		5D43700324791C2D00FFA37E /* Frameworks */ = {
			isa = PBXFrameworksBuildPhase;
			buildActionMask = 2147483647;
			files = (
			);
			runOnlyForDeploymentPostprocessing = 0;
		};
/* End PBXFrameworksBuildPhase section */

/* Begin PBXGroup section */
		5D179BFD2496F6EC00E40E90 /* Widget */ = {
			isa = PBXGroup;
			children = (
				5DE5B4CB268466AF00569684 /* Updatable */,
				5D096A07247ABF5E00EF3E47 /* TabBar.swift */,
				5D1F4264249713640043F604 /* VEBlur.swift */,
				5DE5B4C92684601A00569684 /* TopBar.swift */,
				5D4E43FB2699E20400650714 /* AvatarView.swift */,
			);
			path = Widget;
			sourceTree = "<group>";
		};
		5D436FDC24791C2C00FFA37E = {
			isa = PBXGroup;
			children = (
				5D436FE724791C2C00FFA37E /* V2er */,
				5D436FFE24791C2D00FFA37E /* V2erTests */,
				5D43700924791C2D00FFA37E /* V2erUITests */,
				5D436FE624791C2C00FFA37E /* Products */,
			);
			sourceTree = "<group>";
		};
		5D436FE624791C2C00FFA37E /* Products */ = {
			isa = PBXGroup;
			children = (
				5D436FE524791C2C00FFA37E /* V2er.app */,
				5D436FFB24791C2D00FFA37E /* V2erTests.xctest */,
				5D43700624791C2D00FFA37E /* V2erUITests.xctest */,
			);
			name = Products;
			sourceTree = "<group>";
		};
		5D436FE724791C2C00FFA37E /* V2er */ = {
			isa = PBXGroup;
			children = (
				5DE5C577249D90690004DCC6 /* General */,
				5DE5B4C826845F4F00569684 /* View */,
				5DE5B4C726845F4600569684 /* Model */,
				5D436FEE24791C2D00FFA37E /* Assets.xcassets */,
				5D436FF624791C2D00FFA37E /* Info.plist */,
				5D436FF024791C2D00FFA37E /* Preview Content */,
			);
			path = V2er;
			sourceTree = "<group>";
		};
		5D436FF024791C2D00FFA37E /* Preview Content */ = {
			isa = PBXGroup;
			children = (
				5D436FF124791C2D00FFA37E /* Preview Assets.xcassets */,
			);
			path = "Preview Content";
			sourceTree = "<group>";
		};
		5D436FFE24791C2D00FFA37E /* V2erTests */ = {
			isa = PBXGroup;
			children = (
				5D436FFF24791C2D00FFA37E /* V2erTests.swift */,
				5D43700124791C2D00FFA37E /* Info.plist */,
			);
			path = V2erTests;
			sourceTree = "<group>";
		};
		5D43700924791C2D00FFA37E /* V2erUITests */ = {
			isa = PBXGroup;
			children = (
				5D43700A24791C2D00FFA37E /* V2erUITests.swift */,
				5D43700C24791C2D00FFA37E /* Info.plist */,
			);
			path = V2erUITests;
			sourceTree = "<group>";
		};
		5D6AAAAD2692034700F42A13 /* News */ = {
			isa = PBXGroup;
			children = (
				5D71DF54247C0FFE00B53ED4 /* NewsPage.swift */,
				5D6AAAAE2692036100F42A13 /* NewsItemView.swift */,
				5D9D5220269542E600D80D6B /* UserDetailPage.swift */,
				5D9D5222269543DA00D80D6B /* TagDetailPage.swift */,
			);
			path = News;
			sourceTree = "<group>";
		};
		5DCDE3922695D02D00261385 /* NewsDetail */ = {
			isa = PBXGroup;
			children = (
				5D6EE28A2693DC470053B637 /* NewsDetailPage.swift */,
				5DCDE3932695D16B00261385 /* AuthorInfoView.swift */,
				5D4E43F72699DBC600650714 /* NewsContentView.swift */,
				5D4E43F92699DDE200650714 /* ReplyItemView.swift */,
			);
			path = NewsDetail;
			sourceTree = "<group>";
		};
		5DE5B4C726845F4600569684 /* Model */ = {
			isa = PBXGroup;
			children = (
			);
			path = Model;
			sourceTree = "<group>";
		};
		5DE5B4C826845F4F00569684 /* View */ = {
			isa = PBXGroup;
			children = (
				5D436FEC24791C2C00FFA37E /* MainPage.swift */,
				5D5DA26924A4939B005BC60F /* Extension.swift */,
				5DD440D2269F1F5E00EE0FAB /* Syles.swift */,
				5D6AAAAD2692034700F42A13 /* News */,
				5DCDE3922695D02D00261385 /* NewsDetail */,
				5D71DF56247C153C00B53ED4 /* ExplorePage.swift */,
				5D71DF58247C155400B53ED4 /* MessagePage.swift */,
				5D71DF5A247C155D00B53ED4 /* MePage.swift */,
				5D179BFD2496F6EC00E40E90 /* Widget */,
			);
			path = View;
			sourceTree = "<group>";
		};
		5DE5B4CB268466AF00569684 /* Updatable */ = {
			isa = PBXGroup;
			children = (
				5DE5B4CC268466D800569684 /* UpdatableView.swift */,
				5DF92A5C26859DDD00E6086E /* HeadIndicatorView.swift */,
				5D38DEF4268C21A800C48F94 /* ActivityIndicator.swift */,
				5D02BD5E26909146007B6A1B /* LoadmoreIndicatorView.swift */,
				5D6AAAA926917E7B00F42A13 /* Helper.swift */,
			);
			path = Updatable;
			sourceTree = "<group>";
		};
		5DE5C577249D90690004DCC6 /* General */ = {
			isa = PBXGroup;
			children = (
				5DA69A4824ACBC8D00F8B77A /* V2erApp.swift */,
				5DE5C578249D90AD0004DCC6 /* Color.swift */,
				5D6AAAAB2691851100F42A13 /* Utils.swift */,
				5DF1B36C2698A39E0046DB20 /* Device.swift */,
			);
			path = General;
			sourceTree = "<group>";
		};
/* End PBXGroup section */

/* Begin PBXNativeTarget section */
		5D436FE424791C2C00FFA37E /* V2er */ = {
			isa = PBXNativeTarget;
			buildConfigurationList = 5D43700F24791C2D00FFA37E /* Build configuration list for PBXNativeTarget "V2er" */;
			buildPhases = (
				5D436FE124791C2C00FFA37E /* Sources */,
				5D436FE224791C2C00FFA37E /* Frameworks */,
				5D436FE324791C2C00FFA37E /* Resources */,
			);
			buildRules = (
			);
			dependencies = (
			);
			name = V2er;
			packageProductDependencies = (
			);
			productName = V2er;
			productReference = 5D436FE524791C2C00FFA37E /* V2er.app */;
			productType = "com.apple.product-type.application";
		};
		5D436FFA24791C2D00FFA37E /* V2erTests */ = {
			isa = PBXNativeTarget;
			buildConfigurationList = 5D43701224791C2D00FFA37E /* Build configuration list for PBXNativeTarget "V2erTests" */;
			buildPhases = (
				5D436FF724791C2D00FFA37E /* Sources */,
				5D436FF824791C2D00FFA37E /* Frameworks */,
				5D436FF924791C2D00FFA37E /* Resources */,
			);
			buildRules = (
			);
			dependencies = (
				5D436FFD24791C2D00FFA37E /* PBXTargetDependency */,
			);
			name = V2erTests;
			productName = V2erTests;
			productReference = 5D436FFB24791C2D00FFA37E /* V2erTests.xctest */;
			productType = "com.apple.product-type.bundle.unit-test";
		};
		5D43700524791C2D00FFA37E /* V2erUITests */ = {
			isa = PBXNativeTarget;
			buildConfigurationList = 5D43701524791C2D00FFA37E /* Build configuration list for PBXNativeTarget "V2erUITests" */;
			buildPhases = (
				5D43700224791C2D00FFA37E /* Sources */,
				5D43700324791C2D00FFA37E /* Frameworks */,
				5D43700424791C2D00FFA37E /* Resources */,
			);
			buildRules = (
			);
			dependencies = (
				5D43700824791C2D00FFA37E /* PBXTargetDependency */,
			);
			name = V2erUITests;
			productName = V2erUITests;
			productReference = 5D43700624791C2D00FFA37E /* V2erUITests.xctest */;
			productType = "com.apple.product-type.bundle.ui-testing";
		};
/* End PBXNativeTarget section */

/* Begin PBXProject section */
		5D436FDD24791C2C00FFA37E /* Project object */ = {
			isa = PBXProject;
			attributes = {
				LastSwiftUpdateCheck = 1150;
				LastUpgradeCheck = 1150;
				ORGANIZATIONNAME = lessmore.io;
				TargetAttributes = {
					5D436FE424791C2C00FFA37E = {
						CreatedOnToolsVersion = 11.5;
					};
					5D436FFA24791C2D00FFA37E = {
						CreatedOnToolsVersion = 11.5;
						TestTargetID = 5D436FE424791C2C00FFA37E;
					};
					5D43700524791C2D00FFA37E = {
						CreatedOnToolsVersion = 11.5;
						TestTargetID = 5D436FE424791C2C00FFA37E;
					};
				};
			};
			buildConfigurationList = 5D436FE024791C2C00FFA37E /* Build configuration list for PBXProject "V2er" */;
			compatibilityVersion = "Xcode 9.3";
			developmentRegion = en;
			hasScannedForEncodings = 0;
			knownRegions = (
				en,
				Base,
			);
			mainGroup = 5D436FDC24791C2C00FFA37E;
			packageReferences = (
			);
			productRefGroup = 5D436FE624791C2C00FFA37E /* Products */;
			projectDirPath = "";
			projectRoot = "";
			targets = (
				5D436FE424791C2C00FFA37E /* V2er */,
				5D436FFA24791C2D00FFA37E /* V2erTests */,
				5D43700524791C2D00FFA37E /* V2erUITests */,
			);
		};
/* End PBXProject section */

/* Begin PBXResourcesBuildPhase section */
		5D436FE324791C2C00FFA37E /* Resources */ = {
			isa = PBXResourcesBuildPhase;
			buildActionMask = 2147483647;
			files = (
				5D436FF224791C2D00FFA37E /* Preview Assets.xcassets in Resources */,
				5D436FEF24791C2D00FFA37E /* Assets.xcassets in Resources */,
			);
			runOnlyForDeploymentPostprocessing = 0;
		};
		5D436FF924791C2D00FFA37E /* Resources */ = {
			isa = PBXResourcesBuildPhase;
			buildActionMask = 2147483647;
			files = (
			);
			runOnlyForDeploymentPostprocessing = 0;
		};
		5D43700424791C2D00FFA37E /* Resources */ = {
			isa = PBXResourcesBuildPhase;
			buildActionMask = 2147483647;
			files = (
			);
			runOnlyForDeploymentPostprocessing = 0;
		};
/* End PBXResourcesBuildPhase section */

/* Begin PBXSourcesBuildPhase section */
		5D436FE124791C2C00FFA37E /* Sources */ = {
			isa = PBXSourcesBuildPhase;
			buildActionMask = 2147483647;
			files = (
				5D71DF57247C153C00B53ED4 /* ExplorePage.swift in Sources */,
				5DA69A4924ACBC8D00F8B77A /* V2erApp.swift in Sources */,
				5DE5B4CD268466D800569684 /* UpdatableView.swift in Sources */,
				5DE5C579249D90AD0004DCC6 /* Color.swift in Sources */,
				5D02BD5F26909146007B6A1B /* LoadmoreIndicatorView.swift in Sources */,
				5D38DEF5268C21A800C48F94 /* ActivityIndicator.swift in Sources */,
				5D71DF59247C155400B53ED4 /* MessagePage.swift in Sources */,
				5D6EE28B2693DC470053B637 /* NewsDetailPage.swift in Sources */,
				5D6AAAAA26917E7B00F42A13 /* Helper.swift in Sources */,
				5DF92A5D26859DDD00E6086E /* HeadIndicatorView.swift in Sources */,
				5D6AAAAC2691851100F42A13 /* Utils.swift in Sources */,
				5DE5B4CA2684601A00569684 /* TopBar.swift in Sources */,
				5D71DF55247C0FFE00B53ED4 /* NewsPage.swift in Sources */,
				5D436FED24791C2C00FFA37E /* MainPage.swift in Sources */,
				5DF1B36D2698A39E0046DB20 /* Device.swift in Sources */,
				5DD440D3269F1F5E00EE0FAB /* Syles.swift in Sources */,
				5D9D5221269542E600D80D6B /* UserDetailPage.swift in Sources */,
				5DCDE3942695D16B00261385 /* AuthorInfoView.swift in Sources */,
				5D4E43FC2699E20400650714 /* AvatarView.swift in Sources */,
				5D4E43FA2699DDE200650714 /* ReplyItemView.swift in Sources */,
				5D5DA26A24A4939B005BC60F /* Extension.swift in Sources */,
				5D6AAAAF2692036100F42A13 /* NewsItemView.swift in Sources */,
				5D4E43F82699DBC600650714 /* NewsContentView.swift in Sources */,
				5D9D5223269543DA00D80D6B /* TagDetailPage.swift in Sources */,
				5D1F4265249713640043F604 /* VEBlur.swift in Sources */,
				5D71DF5B247C155D00B53ED4 /* MePage.swift in Sources */,
				5D096A08247ABF5E00EF3E47 /* TabBar.swift in Sources */,
			);
			runOnlyForDeploymentPostprocessing = 0;
		};
		5D436FF724791C2D00FFA37E /* Sources */ = {
			isa = PBXSourcesBuildPhase;
			buildActionMask = 2147483647;
			files = (
				5D43700024791C2D00FFA37E /* V2erTests.swift in Sources */,
			);
			runOnlyForDeploymentPostprocessing = 0;
		};
		5D43700224791C2D00FFA37E /* Sources */ = {
			isa = PBXSourcesBuildPhase;
			buildActionMask = 2147483647;
			files = (
				5D43700B24791C2D00FFA37E /* V2erUITests.swift in Sources */,
			);
			runOnlyForDeploymentPostprocessing = 0;
		};
/* End PBXSourcesBuildPhase section */

/* Begin PBXTargetDependency section */
		5D436FFD24791C2D00FFA37E /* PBXTargetDependency */ = {
			isa = PBXTargetDependency;
			target = 5D436FE424791C2C00FFA37E /* V2er */;
			targetProxy = 5D436FFC24791C2D00FFA37E /* PBXContainerItemProxy */;
		};
		5D43700824791C2D00FFA37E /* PBXTargetDependency */ = {
			isa = PBXTargetDependency;
			target = 5D436FE424791C2C00FFA37E /* V2er */;
			targetProxy = 5D43700724791C2D00FFA37E /* PBXContainerItemProxy */;
		};
/* End PBXTargetDependency section */

/* Begin XCBuildConfiguration section */
		5D43700D24791C2D00FFA37E /* Debug */ = {
			isa = XCBuildConfiguration;
			buildSettings = {
				ALWAYS_SEARCH_USER_PATHS = NO;
				CLANG_ANALYZER_NONNULL = YES;
				CLANG_ANALYZER_NUMBER_OBJECT_CONVERSION = YES_AGGRESSIVE;
				CLANG_CXX_LANGUAGE_STANDARD = "gnu++14";
				CLANG_CXX_LIBRARY = "libc++";
				CLANG_ENABLE_MODULES = YES;
				CLANG_ENABLE_OBJC_ARC = YES;
				CLANG_ENABLE_OBJC_WEAK = YES;
				CLANG_WARN_BLOCK_CAPTURE_AUTORELEASING = YES;
				CLANG_WARN_BOOL_CONVERSION = YES;
				CLANG_WARN_COMMA = YES;
				CLANG_WARN_CONSTANT_CONVERSION = YES;
				CLANG_WARN_DEPRECATED_OBJC_IMPLEMENTATIONS = YES;
				CLANG_WARN_DIRECT_OBJC_ISA_USAGE = YES_ERROR;
				CLANG_WARN_DOCUMENTATION_COMMENTS = YES;
				CLANG_WARN_EMPTY_BODY = YES;
				CLANG_WARN_ENUM_CONVERSION = YES;
				CLANG_WARN_INFINITE_RECURSION = YES;
				CLANG_WARN_INT_CONVERSION = YES;
				CLANG_WARN_NON_LITERAL_NULL_CONVERSION = YES;
				CLANG_WARN_OBJC_IMPLICIT_RETAIN_SELF = YES;
				CLANG_WARN_OBJC_LITERAL_CONVERSION = YES;
				CLANG_WARN_OBJC_ROOT_CLASS = YES_ERROR;
				CLANG_WARN_RANGE_LOOP_ANALYSIS = YES;
				CLANG_WARN_STRICT_PROTOTYPES = YES;
				CLANG_WARN_SUSPICIOUS_MOVE = YES;
				CLANG_WARN_UNGUARDED_AVAILABILITY = YES_AGGRESSIVE;
				CLANG_WARN_UNREACHABLE_CODE = YES;
				CLANG_WARN__DUPLICATE_METHOD_MATCH = YES;
				COPY_PHASE_STRIP = NO;
				DEBUG_INFORMATION_FORMAT = dwarf;
				ENABLE_STRICT_OBJC_MSGSEND = YES;
				ENABLE_TESTABILITY = YES;
				GCC_C_LANGUAGE_STANDARD = gnu11;
				GCC_DYNAMIC_NO_PIC = NO;
				GCC_NO_COMMON_BLOCKS = YES;
				GCC_OPTIMIZATION_LEVEL = 0;
				GCC_PREPROCESSOR_DEFINITIONS = (
					"DEBUG=1",
					"$(inherited)",
				);
				GCC_WARN_64_TO_32_BIT_CONVERSION = YES;
				GCC_WARN_ABOUT_RETURN_TYPE = YES_ERROR;
				GCC_WARN_UNDECLARED_SELECTOR = YES;
				GCC_WARN_UNINITIALIZED_AUTOS = YES_AGGRESSIVE;
				GCC_WARN_UNUSED_FUNCTION = YES;
				GCC_WARN_UNUSED_VARIABLE = YES;
				IPHONEOS_DEPLOYMENT_TARGET = 15.0;
				MTL_ENABLE_DEBUG_INFO = INCLUDE_SOURCE;
				MTL_FAST_MATH = YES;
				ONLY_ACTIVE_ARCH = YES;
				SDKROOT = iphoneos;
				SWIFT_ACTIVE_COMPILATION_CONDITIONS = DEBUG;
				SWIFT_OPTIMIZATION_LEVEL = "-Onone";
			};
			name = Debug;
		};
		5D43700E24791C2D00FFA37E /* Release */ = {
			isa = XCBuildConfiguration;
			buildSettings = {
				ALWAYS_SEARCH_USER_PATHS = NO;
				CLANG_ANALYZER_NONNULL = YES;
				CLANG_ANALYZER_NUMBER_OBJECT_CONVERSION = YES_AGGRESSIVE;
				CLANG_CXX_LANGUAGE_STANDARD = "gnu++14";
				CLANG_CXX_LIBRARY = "libc++";
				CLANG_ENABLE_MODULES = YES;
				CLANG_ENABLE_OBJC_ARC = YES;
				CLANG_ENABLE_OBJC_WEAK = YES;
				CLANG_WARN_BLOCK_CAPTURE_AUTORELEASING = YES;
				CLANG_WARN_BOOL_CONVERSION = YES;
				CLANG_WARN_COMMA = YES;
				CLANG_WARN_CONSTANT_CONVERSION = YES;
				CLANG_WARN_DEPRECATED_OBJC_IMPLEMENTATIONS = YES;
				CLANG_WARN_DIRECT_OBJC_ISA_USAGE = YES_ERROR;
				CLANG_WARN_DOCUMENTATION_COMMENTS = YES;
				CLANG_WARN_EMPTY_BODY = YES;
				CLANG_WARN_ENUM_CONVERSION = YES;
				CLANG_WARN_INFINITE_RECURSION = YES;
				CLANG_WARN_INT_CONVERSION = YES;
				CLANG_WARN_NON_LITERAL_NULL_CONVERSION = YES;
				CLANG_WARN_OBJC_IMPLICIT_RETAIN_SELF = YES;
				CLANG_WARN_OBJC_LITERAL_CONVERSION = YES;
				CLANG_WARN_OBJC_ROOT_CLASS = YES_ERROR;
				CLANG_WARN_RANGE_LOOP_ANALYSIS = YES;
				CLANG_WARN_STRICT_PROTOTYPES = YES;
				CLANG_WARN_SUSPICIOUS_MOVE = YES;
				CLANG_WARN_UNGUARDED_AVAILABILITY = YES_AGGRESSIVE;
				CLANG_WARN_UNREACHABLE_CODE = YES;
				CLANG_WARN__DUPLICATE_METHOD_MATCH = YES;
				COPY_PHASE_STRIP = NO;
				DEBUG_INFORMATION_FORMAT = "dwarf-with-dsym";
				ENABLE_NS_ASSERTIONS = NO;
				ENABLE_STRICT_OBJC_MSGSEND = YES;
				GCC_C_LANGUAGE_STANDARD = gnu11;
				GCC_NO_COMMON_BLOCKS = YES;
				GCC_WARN_64_TO_32_BIT_CONVERSION = YES;
				GCC_WARN_ABOUT_RETURN_TYPE = YES_ERROR;
				GCC_WARN_UNDECLARED_SELECTOR = YES;
				GCC_WARN_UNINITIALIZED_AUTOS = YES_AGGRESSIVE;
				GCC_WARN_UNUSED_FUNCTION = YES;
				GCC_WARN_UNUSED_VARIABLE = YES;
				IPHONEOS_DEPLOYMENT_TARGET = 15.0;
				MTL_ENABLE_DEBUG_INFO = NO;
				MTL_FAST_MATH = YES;
				SDKROOT = iphoneos;
				SWIFT_COMPILATION_MODE = wholemodule;
				SWIFT_OPTIMIZATION_LEVEL = "-O";
				VALIDATE_PRODUCT = YES;
			};
			name = Release;
		};
		5D43701024791C2D00FFA37E /* Debug */ = {
			isa = XCBuildConfiguration;
			buildSettings = {
				ASSETCATALOG_COMPILER_APPICON_NAME = AppIcon;
				CODE_SIGN_IDENTITY = "Apple Development";
				CODE_SIGN_STYLE = Automatic;
				DEVELOPMENT_ASSET_PATHS = "\"V2er/Preview Content\"";
				DEVELOPMENT_TEAM = 3ZMN67J68N;
				ENABLE_PREVIEWS = YES;
				INFOPLIST_FILE = V2er/Info.plist;
				IPHONEOS_DEPLOYMENT_TARGET = 15.0;
				LD_RUNPATH_SEARCH_PATHS = (
					"$(inherited)",
					"@executable_path/Frameworks",
				);
				PRODUCT_BUNDLE_IDENTIFIER = app.v2er;
				PRODUCT_NAME = "$(TARGET_NAME)";
				PROVISIONING_PROFILE_SPECIFIER = "";
				SWIFT_VERSION = 5.0;
				TARGETED_DEVICE_FAMILY = "1,2";
			};
			name = Debug;
		};
		5D43701124791C2D00FFA37E /* Release */ = {
			isa = XCBuildConfiguration;
			buildSettings = {
				ASSETCATALOG_COMPILER_APPICON_NAME = AppIcon;
				CODE_SIGN_IDENTITY = "Apple Development";
				CODE_SIGN_STYLE = Automatic;
				DEVELOPMENT_ASSET_PATHS = "\"V2er/Preview Content\"";
				DEVELOPMENT_TEAM = 3ZMN67J68N;
				ENABLE_PREVIEWS = YES;
				INFOPLIST_FILE = V2er/Info.plist;
				IPHONEOS_DEPLOYMENT_TARGET = 15.0;
				LD_RUNPATH_SEARCH_PATHS = (
					"$(inherited)",
					"@executable_path/Frameworks",
				);
				PRODUCT_BUNDLE_IDENTIFIER = app.v2er;
				PRODUCT_NAME = "$(TARGET_NAME)";
				PROVISIONING_PROFILE_SPECIFIER = "";
				SWIFT_VERSION = 5.0;
				TARGETED_DEVICE_FAMILY = "1,2";
			};
			name = Release;
		};
		5D43701324791C2D00FFA37E /* Debug */ = {
			isa = XCBuildConfiguration;
			buildSettings = {
				ALWAYS_EMBED_SWIFT_STANDARD_LIBRARIES = YES;
				BUNDLE_LOADER = "$(TEST_HOST)";
				CODE_SIGN_STYLE = Automatic;
				INFOPLIST_FILE = V2erTests/Info.plist;
				IPHONEOS_DEPLOYMENT_TARGET = 13.5;
				LD_RUNPATH_SEARCH_PATHS = (
					"$(inherited)",
					"@executable_path/Frameworks",
					"@loader_path/Frameworks",
				);
				PRODUCT_BUNDLE_IDENTIFIER = io.lessmore.V2erTests;
				PRODUCT_NAME = "$(TARGET_NAME)";
				SWIFT_VERSION = 5.0;
				TARGETED_DEVICE_FAMILY = "1,2";
				TEST_HOST = "$(BUILT_PRODUCTS_DIR)/V2er.app/V2er";
			};
			name = Debug;
		};
		5D43701424791C2D00FFA37E /* Release */ = {
			isa = XCBuildConfiguration;
			buildSettings = {
				ALWAYS_EMBED_SWIFT_STANDARD_LIBRARIES = YES;
				BUNDLE_LOADER = "$(TEST_HOST)";
				CODE_SIGN_STYLE = Automatic;
				INFOPLIST_FILE = V2erTests/Info.plist;
				IPHONEOS_DEPLOYMENT_TARGET = 13.5;
				LD_RUNPATH_SEARCH_PATHS = (
					"$(inherited)",
					"@executable_path/Frameworks",
					"@loader_path/Frameworks",
				);
				PRODUCT_BUNDLE_IDENTIFIER = io.lessmore.V2erTests;
				PRODUCT_NAME = "$(TARGET_NAME)";
				SWIFT_VERSION = 5.0;
				TARGETED_DEVICE_FAMILY = "1,2";
				TEST_HOST = "$(BUILT_PRODUCTS_DIR)/V2er.app/V2er";
			};
			name = Release;
		};
		5D43701624791C2D00FFA37E /* Debug */ = {
			isa = XCBuildConfiguration;
			buildSettings = {
				ALWAYS_EMBED_SWIFT_STANDARD_LIBRARIES = YES;
				CODE_SIGN_STYLE = Automatic;
				INFOPLIST_FILE = V2erUITests/Info.plist;
				LD_RUNPATH_SEARCH_PATHS = (
					"$(inherited)",
					"@executable_path/Frameworks",
					"@loader_path/Frameworks",
				);
				PRODUCT_BUNDLE_IDENTIFIER = io.lessmore.V2erUITests;
				PRODUCT_NAME = "$(TARGET_NAME)";
				SWIFT_VERSION = 5.0;
				TARGETED_DEVICE_FAMILY = "1,2";
				TEST_TARGET_NAME = V2er;
			};
			name = Debug;
		};
		5D43701724791C2D00FFA37E /* Release */ = {
			isa = XCBuildConfiguration;
			buildSettings = {
				ALWAYS_EMBED_SWIFT_STANDARD_LIBRARIES = YES;
				CODE_SIGN_STYLE = Automatic;
				INFOPLIST_FILE = V2erUITests/Info.plist;
				LD_RUNPATH_SEARCH_PATHS = (
					"$(inherited)",
					"@executable_path/Frameworks",
					"@loader_path/Frameworks",
				);
				PRODUCT_BUNDLE_IDENTIFIER = io.lessmore.V2erUITests;
				PRODUCT_NAME = "$(TARGET_NAME)";
				SWIFT_VERSION = 5.0;
				TARGETED_DEVICE_FAMILY = "1,2";
				TEST_TARGET_NAME = V2er;
			};
			name = Release;
		};
/* End XCBuildConfiguration section */

/* Begin XCConfigurationList section */
		5D436FE024791C2C00FFA37E /* Build configuration list for PBXProject "V2er" */ = {
			isa = XCConfigurationList;
			buildConfigurations = (
				5D43700D24791C2D00FFA37E /* Debug */,
				5D43700E24791C2D00FFA37E /* Release */,
			);
			defaultConfigurationIsVisible = 0;
			defaultConfigurationName = Release;
		};
		5D43700F24791C2D00FFA37E /* Build configuration list for PBXNativeTarget "V2er" */ = {
			isa = XCConfigurationList;
			buildConfigurations = (
				5D43701024791C2D00FFA37E /* Debug */,
				5D43701124791C2D00FFA37E /* Release */,
			);
			defaultConfigurationIsVisible = 0;
			defaultConfigurationName = Release;
		};
		5D43701224791C2D00FFA37E /* Build configuration list for PBXNativeTarget "V2erTests" */ = {
			isa = XCConfigurationList;
			buildConfigurations = (
				5D43701324791C2D00FFA37E /* Debug */,
				5D43701424791C2D00FFA37E /* Release */,
			);
			defaultConfigurationIsVisible = 0;
			defaultConfigurationName = Release;
		};
		5D43701524791C2D00FFA37E /* Build configuration list for PBXNativeTarget "V2erUITests" */ = {
			isa = XCConfigurationList;
			buildConfigurations = (
				5D43701624791C2D00FFA37E /* Debug */,
				5D43701724791C2D00FFA37E /* Release */,
			);
			defaultConfigurationIsVisible = 0;
			defaultConfigurationName = Release;
		};
/* End XCConfigurationList section */
	};
	rootObject = 5D436FDD24791C2C00FFA37E /* Project object */;
}
