// !$*UTF8*$!
{
	archiveVersion = 1;
	classes = {
	};
	objectVersion = 52;
	objects = {

/* Begin PBXBuildFile section */
		4E55BE8A29D45FC00044389C /* Kingfisher in Frameworks */ = {isa = PBXBuildFile; productRef = 4E55BE8929D45FC00044389C /* Kingfisher */; };
		4EC32AF029D81863003A3BD4 /* WebView in Frameworks */ = {isa = PBXBuildFile; productRef = 4EC32AEF29D81863003A3BD4 /* WebView */; };
		4EC32AF229D818FC003A3BD4 /* WebBrowserView.swift in Sources */ = {isa = PBXBuildFile; fileRef = 4EC32AF129D818FC003A3BD4 /* WebBrowserView.swift */; };
		5D02BD5F26909146007B6A1B /* LoadmoreIndicatorView.swift in Sources */ = {isa = PBXBuildFile; fileRef = 5D02BD5E26909146007B6A1B /* LoadmoreIndicatorView.swift */; };
		5D04BF9726C9FB6E0005F7E3 /* FeedInfo.swift in Sources */ = {isa = PBXBuildFile; fileRef = 5D04BF9626C9FB6E0005F7E3 /* FeedInfo.swift */; };
		5D096A08247ABF5E00EF3E47 /* TabBar.swift in Sources */ = {isa = PBXBuildFile; fileRef = 5D096A07247ABF5E00EF3E47 /* TabBar.swift */; };
		5D0A513726E0CBFC006F3D9B /* ExploreActions.swift in Sources */ = {isa = PBXBuildFile; fileRef = 5D0A513626E0CBFC006F3D9B /* ExploreActions.swift */; };
		5D0A513926E26473006F3D9B /* FeedDetailReducer.swift in Sources */ = {isa = PBXBuildFile; fileRef = 5D0A513826E26473006F3D9B /* FeedDetailReducer.swift */; };
		5D0A513B26E26505006F3D9B /* FeedDetailInfo.swift in Sources */ = {isa = PBXBuildFile; fileRef = 5D0A513A26E26505006F3D9B /* FeedDetailInfo.swift */; };
		5D0A513D26E36AB9006F3D9B /* FeedDetailState.swift in Sources */ = {isa = PBXBuildFile; fileRef = 5D0A513C26E36AB9006F3D9B /* FeedDetailState.swift */; };
		5D0A513F26E36F15006F3D9B /* FeedDetailActions.swift in Sources */ = {isa = PBXBuildFile; fileRef = 5D0A513E26E36F15006F3D9B /* FeedDetailActions.swift */; };
		5D0CFA7A26B9926C001A8A7F /* SettingsPage.swift in Sources */ = {isa = PBXBuildFile; fileRef = 5D0CFA7926B9926C001A8A7F /* SettingsPage.swift */; };
		5D0CFA7C26B992B2001A8A7F /* MyFollowPage.swift in Sources */ = {isa = PBXBuildFile; fileRef = 5D0CFA7B26B992B2001A8A7F /* MyFollowPage.swift */; };
		5D0CFA7E26B992D6001A8A7F /* MyFavoritePage.swift in Sources */ = {isa = PBXBuildFile; fileRef = 5D0CFA7D26B992D6001A8A7F /* MyFavoritePage.swift */; };
		5D0CFA8026B992FC001A8A7F /* MyRecentPage.swift in Sources */ = {isa = PBXBuildFile; fileRef = 5D0CFA7F26B992FC001A8A7F /* MyRecentPage.swift */; };
		5D0CFA8226B9935B001A8A7F /* UserFeedPage.swift in Sources */ = {isa = PBXBuildFile; fileRef = 5D0CFA8126B9935B001A8A7F /* UserFeedPage.swift */; };
		5D0CFA8526B994F5001A8A7F /* SwiftSoup in Frameworks */ = {isa = PBXBuildFile; productRef = 5D0CFA8426B994F5001A8A7F /* SwiftSoup */; };
		5D143198270426FD00462661 /* MeActions.swift in Sources */ = {isa = PBXBuildFile; fileRef = 5D143197270426FD00462661 /* MeActions.swift */; };
		5D18A2822730106000ADE1D0 /* HtmlView.swift in Sources */ = {isa = PBXBuildFile; fileRef = 5D18A2812730106000ADE1D0 /* HtmlView.swift */; };
		5D1CB5BC27244618002DB087 /* Nodes.swift in Sources */ = {isa = PBXBuildFile; fileRef = 5D1CB5BB27244618002DB087 /* Nodes.swift */; };
		5D1D7B8426FC8323008E0C08 /* LoginState.swift in Sources */ = {isa = PBXBuildFile; fileRef = 5D1D7B8326FC8323008E0C08 /* LoginState.swift */; };
		5D1D7B8726FC9B61008E0C08 /* LoginReducer.swift in Sources */ = {isa = PBXBuildFile; fileRef = 5D1D7B8626FC9B61008E0C08 /* LoginReducer.swift */; };
		5D1D7B8B26FD7FCE008E0C08 /* DailyInfo.swift in Sources */ = {isa = PBXBuildFile; fileRef = 5D1D7B8A26FD7FCE008E0C08 /* DailyInfo.swift */; };
		5D1D8BFE26EBA857009DF65A /* UserDetailReducer.swift in Sources */ = {isa = PBXBuildFile; fileRef = 5D1D8BFD26EBA857009DF65A /* UserDetailReducer.swift */; };
		5D1D8C0026EBA875009DF65A /* UserDetailState.swift in Sources */ = {isa = PBXBuildFile; fileRef = 5D1D8BFF26EBA875009DF65A /* UserDetailState.swift */; };
		5D1D8C0226EBA88C009DF65A /* UserDetailInfo.swift in Sources */ = {isa = PBXBuildFile; fileRef = 5D1D8C0126EBA88C009DF65A /* UserDetailInfo.swift */; };
		5D1D8C0426EBAC07009DF65A /* UserDetailActions.swift in Sources */ = {isa = PBXBuildFile; fileRef = 5D1D8C0326EBAC07009DF65A /* UserDetailActions.swift */; };
		5D1D8C0626ECA457009DF65A /* ModelUtils.swift in Sources */ = {isa = PBXBuildFile; fileRef = 5D1D8C0526ECA457009DF65A /* ModelUtils.swift */; };
		5D1D8C0A26EDEC96009DF65A /* GlobalState.swift in Sources */ = {isa = PBXBuildFile; fileRef = 5D1D8C0926EDEC96009DF65A /* GlobalState.swift */; };
		5D1D8E2226B1969B0040C418 /* CreateTopicPage.swift in Sources */ = {isa = PBXBuildFile; fileRef = 5D1D8E2126B1969B0040C418 /* CreateTopicPage.swift */; };
		5D1D8E2426B19A640040C418 /* UserDetailPage.swift in Sources */ = {isa = PBXBuildFile; fileRef = 5D1D8E2326B19A640040C418 /* UserDetailPage.swift */; };
		5D1F4265249713640043F604 /* VEBlur.swift in Sources */ = {isa = PBXBuildFile; fileRef = 5D1F4264249713640043F604 /* VEBlur.swift */; };
		5D22A26D26AF16D700F769E2 /* SectionTitleView.swift in Sources */ = {isa = PBXBuildFile; fileRef = 5D22A26C26AF16D700F769E2 /* SectionTitleView.swift */; };
		5D271DCD271C6F730077808F /* NodeChooserPage.swift in Sources */ = {isa = PBXBuildFile; fileRef = 5D271DCC271C6F730077808F /* NodeChooserPage.swift */; };
		5D2B2B3826FF336600446F93 /* TwoStepLoginInfo.swift in Sources */ = {isa = PBXBuildFile; fileRef = 5D2B2B3726FF336600446F93 /* TwoStepLoginInfo.swift */; };
		5D2B2B3A26FF5DF800446F93 /* AccountInfo.swift in Sources */ = {isa = PBXBuildFile; fileRef = 5D2B2B3926FF5DF800446F93 /* AccountInfo.swift */; };
		5D2B2B3C26FF754F00446F93 /* Persist.swift in Sources */ = {isa = PBXBuildFile; fileRef = 5D2B2B3B26FF754F00446F93 /* Persist.swift */; };
		5D2B2B3E26FF797600446F93 /* AccountState.swift in Sources */ = {isa = PBXBuildFile; fileRef = 5D2B2B3D26FF797600446F93 /* AccountState.swift */; };
		5D2DD00826FB353C0001C85A /* DefaultReducer.swift in Sources */ = {isa = PBXBuildFile; fileRef = 5D2DD00726FB353C0001C85A /* DefaultReducer.swift */; };
		5D2DD00A26FB443D0001C85A /* GlobalActions.swift in Sources */ = {isa = PBXBuildFile; fileRef = 5D2DD00926FB443D0001C85A /* GlobalActions.swift */; };
		5D368C8826C419D000794B8E /* APIService.swift in Sources */ = {isa = PBXBuildFile; fileRef = 5D368C8726C419D000794B8E /* APIService.swift */; };
		5D38DEF5268C21A800C48F94 /* ActivityIndicator.swift in Sources */ = {isa = PBXBuildFile; fileRef = 5D38DEF4268C21A800C48F94 /* ActivityIndicator.swift */; };
		5D3CD31F26D0F5F600B3C2D3 /* BaseModel.swift in Sources */ = {isa = PBXBuildFile; fileRef = 5D3CD31E26D0F5F600B3C2D3 /* BaseModel.swift */; };
		5D3CD32126D0F9CC00B3C2D3 /* TabInfo.swift in Sources */ = {isa = PBXBuildFile; fileRef = 5D3CD32026D0F9CC00B3C2D3 /* TabInfo.swift */; };
		5D436FED24791C2C00FFA37E /* MainPage.swift in Sources */ = {isa = PBXBuildFile; fileRef = 5D436FEC24791C2C00FFA37E /* MainPage.swift */; };
		5D436FEF24791C2D00FFA37E /* Assets.xcassets in Resources */ = {isa = PBXBuildFile; fileRef = 5D436FEE24791C2D00FFA37E /* Assets.xcassets */; };
		5D436FF224791C2D00FFA37E /* Preview Assets.xcassets in Resources */ = {isa = PBXBuildFile; fileRef = 5D436FF124791C2D00FFA37E /* Preview Assets.xcassets */; };
		5D43700024791C2D00FFA37E /* V2erTests.swift in Sources */ = {isa = PBXBuildFile; fileRef = 5D436FFF24791C2D00FFA37E /* V2erTests.swift */; };
		5D43700B24791C2D00FFA37E /* V2erUITests.swift in Sources */ = {isa = PBXBuildFile; fileRef = 5D43700A24791C2D00FFA37E /* V2erUITests.swift */; };
		5D45FC2B26CD3FCF0055C336 /* SwiftSoupExtention.swift in Sources */ = {isa = PBXBuildFile; fileRef = 5D45FC2A26CD3FCF0055C336 /* SwiftSoupExtention.swift */; };
		5D4E43F82699DBC600650714 /* NewsContentView.swift in Sources */ = {isa = PBXBuildFile; fileRef = 5D4E43F72699DBC600650714 /* NewsContentView.swift */; };
		5D4E43FA2699DDE200650714 /* ReplyItemView.swift in Sources */ = {isa = PBXBuildFile; fileRef = 5D4E43F92699DDE200650714 /* ReplyItemView.swift */; };
		5D4E43FC2699E20400650714 /* AvatarView.swift in Sources */ = {isa = PBXBuildFile; fileRef = 5D4E43FB2699E20400650714 /* AvatarView.swift */; };
		5D54903326AB9E2200BB0CC0 /* SwiftUIView.swift in Sources */ = {isa = PBXBuildFile; fileRef = 5D54903226AB9E2200BB0CC0 /* SwiftUIView.swift */; };
		5D5677CB2721916300543FE8 /* CreateReducer.swift in Sources */ = {isa = PBXBuildFile; fileRef = 5D5677CA2721916300543FE8 /* CreateReducer.swift */; };
		5D5677CD2721923B00543FE8 /* CreateTopicState.swift in Sources */ = {isa = PBXBuildFile; fileRef = 5D5677CC2721923B00543FE8 /* CreateTopicState.swift */; };
		5D5D0473275906A7007DC546 /* TwoStepLoginResultInfo.swift in Sources */ = {isa = PBXBuildFile; fileRef = 5D5D0472275906A7007DC546 /* TwoStepLoginResultInfo.swift */; };
		5D5DA26A24A4939B005BC60F /* ViewExtension.swift in Sources */ = {isa = PBXBuildFile; fileRef = 5D5DA26924A4939B005BC60F /* ViewExtension.swift */; };
		5D5EA3062741614700974E0F /* Headers.swift in Sources */ = {isa = PBXBuildFile; fileRef = 5D5EA3052741614700974E0F /* Headers.swift */; };
		5D612FA126C7C34E0009B8F9 /* NetworkException.swift in Sources */ = {isa = PBXBuildFile; fileRef = 5D612FA026C7C34E0009B8F9 /* NetworkException.swift */; };
		5D612FA326C7C61C0009B8F9 /* Endpoint.swift in Sources */ = {isa = PBXBuildFile; fileRef = 5D612FA226C7C61C0009B8F9 /* Endpoint.swift */; };
		5D66C6742742875F00328249 /* ThxAuthorInfo.swift in Sources */ = {isa = PBXBuildFile; fileRef = 5D66C6732742875F00328249 /* ThxAuthorInfo.swift */; };
		5D68717C271853DB00329E73 /* SectionItemView.swift in Sources */ = {isa = PBXBuildFile; fileRef = 5D68717B271853DB00329E73 /* SectionItemView.swift */; };
		5D68717E27186A6200329E73 /* AppearanceSettingView.swift in Sources */ = {isa = PBXBuildFile; fileRef = 5D68717D27186A6200329E73 /* AppearanceSettingView.swift */; };
		5D68718027186E0300329E73 /* BrowseSettingView.swift in Sources */ = {isa = PBXBuildFile; fileRef = 5D68717F27186E0300329E73 /* BrowseSettingView.swift */; };
		5D6871822718717B00329E73 /* OtherSettingsView.swift in Sources */ = {isa = PBXBuildFile; fileRef = 5D6871812718717B00329E73 /* OtherSettingsView.swift */; };
		5D6871862718761800329E73 /* FeedbackHelperView.swift in Sources */ = {isa = PBXBuildFile; fileRef = 5D6871852718761800329E73 /* FeedbackHelperView.swift */; };
		5D6871882718764E00329E73 /* AboutView.swift in Sources */ = {isa = PBXBuildFile; fileRef = 5D6871872718764E00329E73 /* AboutView.swift */; };
		5D6AAAAA26917E7B00F42A13 /* Helper.swift in Sources */ = {isa = PBXBuildFile; fileRef = 5D6AAAA926917E7B00F42A13 /* Helper.swift */; };
		5D6AAAAC2691851100F42A13 /* Utils.swift in Sources */ = {isa = PBXBuildFile; fileRef = 5D6AAAAB2691851100F42A13 /* Utils.swift */; };
		5D6AAAAF2692036100F42A13 /* FeedItemView.swift in Sources */ = {isa = PBXBuildFile; fileRef = 5D6AAAAE2692036100F42A13 /* FeedItemView.swift */; };
		5D6B67B726D54BA1003A246B /* UA.swift in Sources */ = {isa = PBXBuildFile; fileRef = 5D6B67B626D54BA1003A246B /* UA.swift */; };
		5D6EE28B2693DC470053B637 /* FeedDetailPage.swift in Sources */ = {isa = PBXBuildFile; fileRef = 5D6EE28A2693DC470053B637 /* FeedDetailPage.swift */; };
		5D71DF55247C0FFE00B53ED4 /* FeedPage.swift in Sources */ = {isa = PBXBuildFile; fileRef = 5D71DF54247C0FFE00B53ED4 /* FeedPage.swift */; };
		5D71DF57247C153C00B53ED4 /* ExplorePage.swift in Sources */ = {isa = PBXBuildFile; fileRef = 5D71DF56247C153C00B53ED4 /* ExplorePage.swift */; };
		5D71DF59247C155400B53ED4 /* MessagePage.swift in Sources */ = {isa = PBXBuildFile; fileRef = 5D71DF58247C155400B53ED4 /* MessagePage.swift */; };
		5D71DF5B247C155D00B53ED4 /* MePage.swift in Sources */ = {isa = PBXBuildFile; fileRef = 5D71DF5A247C155D00B53ED4 /* MePage.swift */; };
		5D73FBDA27284ADB004558E9 /* RichText.swift in Sources */ = {isa = PBXBuildFile; fileRef = 5D73FBD927284ADB004558E9 /* RichText.swift */; };
		5D74653D2705B97F0020F1F8 /* UpdatableState.swift in Sources */ = {isa = PBXBuildFile; fileRef = 5D74653C2705B97F0020F1F8 /* UpdatableState.swift */; };
		5D7B78F626C2BB490037D000 /* StateView.swift in Sources */ = {isa = PBXBuildFile; fileRef = 5D7B78F526C2BB490037D000 /* StateView.swift */; };
		5D843E9526A4537C00C47D95 /* SearchPage.swift in Sources */ = {isa = PBXBuildFile; fileRef = 5D843E9426A4537C00C47D95 /* SearchPage.swift */; };
		5D88D5DA26C200FB00302265 /* FeedReducer.swift in Sources */ = {isa = PBXBuildFile; fileRef = 5D88D5D926C200FB00302265 /* FeedReducer.swift */; };
		5D88D5DC26C2016000302265 /* ExploreReducer.swift in Sources */ = {isa = PBXBuildFile; fileRef = 5D88D5DB26C2016000302265 /* ExploreReducer.swift */; };
		5D88D5DE26C2017400302265 /* MessageReducer.swift in Sources */ = {isa = PBXBuildFile; fileRef = 5D88D5DD26C2017400302265 /* MessageReducer.swift */; };
		5D88D5E026C2017E00302265 /* MeReducer.swift in Sources */ = {isa = PBXBuildFile; fileRef = 5D88D5DF26C2017E00302265 /* MeReducer.swift */; };
		5D8D752627656EF900460478 /* TwoStepLoginPage.swift in Sources */ = {isa = PBXBuildFile; fileRef = 5D8D752527656EF900460478 /* TwoStepLoginPage.swift */; };
		5D8FAA34272A70F50067766E /* Atributika in Frameworks */ = {isa = PBXBuildFile; productRef = 5D8FAA33272A70F50067766E /* Atributika */; };
		5D8FAA36272AD27A0067766E /* TestView.swift in Sources */ = {isa = PBXBuildFile; fileRef = 5D8FAA35272AD27A0067766E /* TestView.swift */; };
		5D8FAA38272D26200067766E /* RootView.swift in Sources */ = {isa = PBXBuildFile; fileRef = 5D8FAA37272D26200067766E /* RootView.swift */; };
		5D91F8D526F22A6F0089D72E /* TagDetailState.swift in Sources */ = {isa = PBXBuildFile; fileRef = 5D91F8D426F22A6F0089D72E /* TagDetailState.swift */; };
		5D91F8D926F22CEC0089D72E /* TagDetailReducer.swift in Sources */ = {isa = PBXBuildFile; fileRef = 5D91F8D826F22CEC0089D72E /* TagDetailReducer.swift */; };
		5D9D5223269543DA00D80D6B /* TagDetailPage.swift in Sources */ = {isa = PBXBuildFile; fileRef = 5D9D5222269543DA00D80D6B /* TagDetailPage.swift */; };
		5DA2AD3526C17EA5007FB1EF /* Store.swift in Sources */ = {isa = PBXBuildFile; fileRef = 5DA2AD3426C17EA5007FB1EF /* Store.swift */; };
		5DA2AD3726C17EB9007FB1EF /* AppState.swift in Sources */ = {isa = PBXBuildFile; fileRef = 5DA2AD3626C17EB9007FB1EF /* AppState.swift */; };
		5DA2AD3926C17ECC007FB1EF /* Action.swift in Sources */ = {isa = PBXBuildFile; fileRef = 5DA2AD3826C17ECC007FB1EF /* Action.swift */; };
		5DA2AD3E26C18043007FB1EF /* FluxState.swift in Sources */ = {isa = PBXBuildFile; fileRef = 5DA2AD3D26C18043007FB1EF /* FluxState.swift */; };
		5DA2AD4226C18112007FB1EF /* ExploreState.swift in Sources */ = {isa = PBXBuildFile; fileRef = 5DA2AD4126C18112007FB1EF /* ExploreState.swift */; };
		5DA2AD4426C18121007FB1EF /* FeedState.swift in Sources */ = {isa = PBXBuildFile; fileRef = 5DA2AD4326C18121007FB1EF /* FeedState.swift */; };
		5DA2AD4626C18208007FB1EF /* MeState.swift in Sources */ = {isa = PBXBuildFile; fileRef = 5DA2AD4526C18208007FB1EF /* MeState.swift */; };
		5DA2AD4826C18232007FB1EF /* MessageState.swift in Sources */ = {isa = PBXBuildFile; fileRef = 5DA2AD4726C18232007FB1EF /* MessageState.swift */; };
		5DA2DC8826ADAD6400022C31 /* FlowStack.swift in Sources */ = {isa = PBXBuildFile; fileRef = 5DA2DC8726ADAD6400022C31 /* FlowStack.swift */; };
		5DA69A4924ACBC8D00F8B77A /* V2erApp.swift in Sources */ = {isa = PBXBuildFile; fileRef = 5DA69A4824ACBC8D00F8B77A /* V2erApp.swift */; };
		5DAA50A626F0D8DD00CB63DE /* TagDetailInfo.swift in Sources */ = {isa = PBXBuildFile; fileRef = 5DAA50A526F0D8DD00CB63DE /* TagDetailInfo.swift */; };
		5DB622A026DE8BCD0026C4A8 /* ExploreInfo.swift in Sources */ = {isa = PBXBuildFile; fileRef = 5DB6229F26DE8BCD0026C4A8 /* ExploreInfo.swift */; };
		5DC05A55273D5A2B003561A9 /* Toast.swift in Sources */ = {isa = PBXBuildFile; fileRef = 5DC05A54273D5A2B003561A9 /* Toast.swift */; };
		5DCDE3942695D16B00261385 /* AuthorInfoView.swift in Sources */ = {isa = PBXBuildFile; fileRef = 5DCDE3932695D16B00261385 /* AuthorInfoView.swift */; };
		5DCE4CE6270BC683006BA98D /* UserFeedState.swift in Sources */ = {isa = PBXBuildFile; fileRef = 5DCE4CE5270BC683006BA98D /* UserFeedState.swift */; };
		5DCE4CE8270D9551006BA98D /* UserFeedReducer.swift in Sources */ = {isa = PBXBuildFile; fileRef = 5DCE4CE7270D9551006BA98D /* UserFeedReducer.swift */; };
		5DCE4CEA270D9700006BA98D /* MyFavoriteState.swift in Sources */ = {isa = PBXBuildFile; fileRef = 5DCE4CE9270D9700006BA98D /* MyFavoriteState.swift */; };
		5DCE4CEC270D9746006BA98D /* MyFollowState.swift in Sources */ = {isa = PBXBuildFile; fileRef = 5DCE4CEB270D9746006BA98D /* MyFollowState.swift */; };
		5DCE4CF0270D978B006BA98D /* SettingState.swift in Sources */ = {isa = PBXBuildFile; fileRef = 5DCE4CEF270D978B006BA98D /* SettingState.swift */; };
		5DCE4CF2270D9827006BA98D /* MyFavoriteReducer.swift in Sources */ = {isa = PBXBuildFile; fileRef = 5DCE4CF1270D9827006BA98D /* MyFavoriteReducer.swift */; };
		5DCE4CF4270D9850006BA98D /* MyFollowReducer.swift in Sources */ = {isa = PBXBuildFile; fileRef = 5DCE4CF3270D9850006BA98D /* MyFollowReducer.swift */; };
		5DCE4CF6270D9865006BA98D /* MyRecentReducer.swift in Sources */ = {isa = PBXBuildFile; fileRef = 5DCE4CF5270D9865006BA98D /* MyRecentReducer.swift */; };
		5DCE4CF8270D9871006BA98D /* SettingReducer.swift in Sources */ = {isa = PBXBuildFile; fileRef = 5DCE4CF7270D9871006BA98D /* SettingReducer.swift */; };
		5DD2B9FE27263E3A004F357D /* SearchState.swift in Sources */ = {isa = PBXBuildFile; fileRef = 5DD2B9FD27263E3A004F357D /* SearchState.swift */; };
		5DD2BA0027263E76004F357D /* SearchStateReducer.swift in Sources */ = {isa = PBXBuildFile; fileRef = 5DD2B9FF27263E76004F357D /* SearchStateReducer.swift */; };
		5DD440D3269F1F5E00EE0FAB /* Syles.swift in Sources */ = {isa = PBXBuildFile; fileRef = 5DD440D2269F1F5E00EE0FAB /* Syles.swift */; };
		5DD4639E26F70CE800A1FBA1 /* LoginPage.swift in Sources */ = {isa = PBXBuildFile; fileRef = 5DD4639D26F70CE800A1FBA1 /* LoginPage.swift */; };
		5DE5B4CA2684601A00569684 /* TopBar.swift in Sources */ = {isa = PBXBuildFile; fileRef = 5DE5B4C92684601A00569684 /* TopBar.swift */; };
		5DE5B4CD268466D800569684 /* UpdatableView.swift in Sources */ = {isa = PBXBuildFile; fileRef = 5DE5B4CC268466D800569684 /* UpdatableView.swift */; };
		5DE5C579249D90AD0004DCC6 /* Color.swift in Sources */ = {isa = PBXBuildFile; fileRef = 5DE5C578249D90AD0004DCC6 /* Color.swift */; };
		5DE62A2926CEB20E0082161A /* Extentions.swift in Sources */ = {isa = PBXBuildFile; fileRef = 5DE62A2826CEB20E0082161A /* Extentions.swift */; };
		5DEC5D732730F28F00B34BC5 /* bootstrap.min.css in Resources */ = {isa = PBXBuildFile; fileRef = 5DEC5D672730F28E00B34BC5 /* bootstrap.min.css */; };
		5DEC5D742730F28F00B34BC5 /* image_holder_failed.png in Resources */ = {isa = PBXBuildFile; fileRef = 5DEC5D682730F28E00B34BC5 /* image_holder_failed.png */; };
		5DEC5D752730F28F00B34BC5 /* email.js in Resources */ = {isa = PBXBuildFile; fileRef = 5DEC5D692730F28E00B34BC5 /* email.js */; };
		5DEC5D762730F28F00B34BC5 /* v2er.css in Resources */ = {isa = PBXBuildFile; fileRef = 5DEC5D6A2730F28F00B34BC5 /* v2er.css */; };
		5DEC5D772730F28F00B34BC5 /* highlight.js in Resources */ = {isa = PBXBuildFile; fileRef = 5DEC5D6B2730F28F00B34BC5 /* highlight.js */; };
		5DEC5D782730F28F00B34BC5 /* v2er.html in Resources */ = {isa = PBXBuildFile; fileRef = 5DEC5D6C2730F28F00B34BC5 /* v2er.html */; };
		5DEC5D792730F28F00B34BC5 /* v2er.js in Resources */ = {isa = PBXBuildFile; fileRef = 5DEC5D6D2730F28F00B34BC5 /* v2er.js */; };
		5DEC5D7A2730F28F00B34BC5 /* jquery.min.js in Resources */ = {isa = PBXBuildFile; fileRef = 5DEC5D6E2730F28F00B34BC5 /* jquery.min.js */; };
		5DEC5D7B2730F28F00B34BC5 /* tomorrow.css in Resources */ = {isa = PBXBuildFile; fileRef = 5DEC5D6F2730F28F00B34BC5 /* tomorrow.css */; };
		5DEC5D7C2730F28F00B34BC5 /* user_manual.html in Resources */ = {isa = PBXBuildFile; fileRef = 5DEC5D702730F28F00B34BC5 /* user_manual.html */; };
		5DEC5D7D2730F29000B34BC5 /* font.css in Resources */ = {isa = PBXBuildFile; fileRef = 5DEC5D712730F28F00B34BC5 /* font.css */; };
		5DEC5D7E2730F29000B34BC5 /* image_holder_loading.gif in Resources */ = {isa = PBXBuildFile; fileRef = 5DEC5D722730F28F00B34BC5 /* image_holder_loading.gif */; };
		5DED91CE269FBA2D00BD942B /* NavbarHostView.swift in Sources */ = {isa = PBXBuildFile; fileRef = 5DED91CD269FBA2D00BD942B /* NavbarHostView.swift */; };
		5DF1B36D2698A39E0046DB20 /* Device.swift in Sources */ = {isa = PBXBuildFile; fileRef = 5DF1B36C2698A39E0046DB20 /* Device.swift */; };
		5DF417722712CD8D00E6D135 /* NodeView.swift in Sources */ = {isa = PBXBuildFile; fileRef = 5DF417712712CD8D00E6D135 /* NodeView.swift */; };
		5DF417742712DA7500E6D135 /* MyRecentState.swift in Sources */ = {isa = PBXBuildFile; fileRef = 5DF417732712DA7500E6D135 /* MyRecentState.swift */; };
		5DF80E3626A2D045002ADC79 /* MultilineTextField.swift in Sources */ = {isa = PBXBuildFile; fileRef = 5DF80E3526A2D045002ADC79 /* MultilineTextField.swift */; };
		5DF92A5D26859DDD00E6086E /* HeadIndicatorView.swift in Sources */ = {isa = PBXBuildFile; fileRef = 5DF92A5C26859DDD00E6086E /* HeadIndicatorView.swift */; };
/* End PBXBuildFile section */

/* Begin PBXContainerItemProxy section */
		5D436FFC24791C2D00FFA37E /* PBXContainerItemProxy */ = {
			isa = PBXContainerItemProxy;
			containerPortal = 5D436FDD24791C2C00FFA37E /* Project object */;
			proxyType = 1;
			remoteGlobalIDString = 5D436FE424791C2C00FFA37E;
			remoteInfo = V2er;
		};
		5D43700724791C2D00FFA37E /* PBXContainerItemProxy */ = {
			isa = PBXContainerItemProxy;
			containerPortal = 5D436FDD24791C2C00FFA37E /* Project object */;
			proxyType = 1;
			remoteGlobalIDString = 5D436FE424791C2C00FFA37E;
			remoteInfo = V2er;
		};
/* End PBXContainerItemProxy section */

/* Begin PBXFileReference section */
		4EC32AF129D818FC003A3BD4 /* WebBrowserView.swift */ = {isa = PBXFileReference; lastKnownFileType = sourcecode.swift; path = WebBrowserView.swift; sourceTree = "<group>"; };
		5D02BD5E26909146007B6A1B /* LoadmoreIndicatorView.swift */ = {isa = PBXFileReference; lastKnownFileType = sourcecode.swift; path = LoadmoreIndicatorView.swift; sourceTree = "<group>"; };
		5D04BF9626C9FB6E0005F7E3 /* FeedInfo.swift */ = {isa = PBXFileReference; lastKnownFileType = sourcecode.swift; path = FeedInfo.swift; sourceTree = "<group>"; };
		5D096A07247ABF5E00EF3E47 /* TabBar.swift */ = {isa = PBXFileReference; lastKnownFileType = sourcecode.swift; path = TabBar.swift; sourceTree = "<group>"; };
		5D0A513626E0CBFC006F3D9B /* ExploreActions.swift */ = {isa = PBXFileReference; lastKnownFileType = sourcecode.swift; path = ExploreActions.swift; sourceTree = "<group>"; };
		5D0A513826E26473006F3D9B /* FeedDetailReducer.swift */ = {isa = PBXFileReference; lastKnownFileType = sourcecode.swift; path = FeedDetailReducer.swift; sourceTree = "<group>"; };
		5D0A513A26E26505006F3D9B /* FeedDetailInfo.swift */ = {isa = PBXFileReference; lastKnownFileType = sourcecode.swift; path = FeedDetailInfo.swift; sourceTree = "<group>"; };
		5D0A513C26E36AB9006F3D9B /* FeedDetailState.swift */ = {isa = PBXFileReference; lastKnownFileType = sourcecode.swift; path = FeedDetailState.swift; sourceTree = "<group>"; };
		5D0A513E26E36F15006F3D9B /* FeedDetailActions.swift */ = {isa = PBXFileReference; lastKnownFileType = sourcecode.swift; path = FeedDetailActions.swift; sourceTree = "<group>"; };
		5D0CFA7926B9926C001A8A7F /* SettingsPage.swift */ = {isa = PBXFileReference; lastKnownFileType = sourcecode.swift; path = SettingsPage.swift; sourceTree = "<group>"; };
		5D0CFA7B26B992B2001A8A7F /* MyFollowPage.swift */ = {isa = PBXFileReference; lastKnownFileType = sourcecode.swift; path = MyFollowPage.swift; sourceTree = "<group>"; };
		5D0CFA7D26B992D6001A8A7F /* MyFavoritePage.swift */ = {isa = PBXFileReference; lastKnownFileType = sourcecode.swift; path = MyFavoritePage.swift; sourceTree = "<group>"; };
		5D0CFA7F26B992FC001A8A7F /* MyRecentPage.swift */ = {isa = PBXFileReference; lastKnownFileType = sourcecode.swift; path = MyRecentPage.swift; sourceTree = "<group>"; };
		5D0CFA8126B9935B001A8A7F /* UserFeedPage.swift */ = {isa = PBXFileReference; lastKnownFileType = sourcecode.swift; path = UserFeedPage.swift; sourceTree = "<group>"; };
		5D143197270426FD00462661 /* MeActions.swift */ = {isa = PBXFileReference; lastKnownFileType = sourcecode.swift; path = MeActions.swift; sourceTree = "<group>"; };
		5D18A2812730106000ADE1D0 /* HtmlView.swift */ = {isa = PBXFileReference; lastKnownFileType = sourcecode.swift; path = HtmlView.swift; sourceTree = "<group>"; };
		5D1CB5BB27244618002DB087 /* Nodes.swift */ = {isa = PBXFileReference; lastKnownFileType = sourcecode.swift; path = Nodes.swift; sourceTree = "<group>"; };
		5D1D7B8326FC8323008E0C08 /* LoginState.swift */ = {isa = PBXFileReference; lastKnownFileType = sourcecode.swift; path = LoginState.swift; sourceTree = "<group>"; };
		5D1D7B8626FC9B61008E0C08 /* LoginReducer.swift */ = {isa = PBXFileReference; lastKnownFileType = sourcecode.swift; path = LoginReducer.swift; sourceTree = "<group>"; };
		5D1D7B8A26FD7FCE008E0C08 /* DailyInfo.swift */ = {isa = PBXFileReference; lastKnownFileType = sourcecode.swift; path = DailyInfo.swift; sourceTree = "<group>"; };
		5D1D8BFD26EBA857009DF65A /* UserDetailReducer.swift */ = {isa = PBXFileReference; lastKnownFileType = sourcecode.swift; path = UserDetailReducer.swift; sourceTree = "<group>"; };
		5D1D8BFF26EBA875009DF65A /* UserDetailState.swift */ = {isa = PBXFileReference; lastKnownFileType = sourcecode.swift; path = UserDetailState.swift; sourceTree = "<group>"; };
		5D1D8C0126EBA88C009DF65A /* UserDetailInfo.swift */ = {isa = PBXFileReference; lastKnownFileType = sourcecode.swift; path = UserDetailInfo.swift; sourceTree = "<group>"; };
		5D1D8C0326EBAC07009DF65A /* UserDetailActions.swift */ = {isa = PBXFileReference; lastKnownFileType = sourcecode.swift; path = UserDetailActions.swift; sourceTree = "<group>"; };
		5D1D8C0526ECA457009DF65A /* ModelUtils.swift */ = {isa = PBXFileReference; lastKnownFileType = sourcecode.swift; path = ModelUtils.swift; sourceTree = "<group>"; };
		5D1D8C0926EDEC96009DF65A /* GlobalState.swift */ = {isa = PBXFileReference; lastKnownFileType = sourcecode.swift; path = GlobalState.swift; sourceTree = "<group>"; };
		5D1D8E2126B1969B0040C418 /* CreateTopicPage.swift */ = {isa = PBXFileReference; lastKnownFileType = sourcecode.swift; path = CreateTopicPage.swift; sourceTree = "<group>"; };
		5D1D8E2326B19A640040C418 /* UserDetailPage.swift */ = {isa = PBXFileReference; lastKnownFileType = sourcecode.swift; path = UserDetailPage.swift; sourceTree = "<group>"; };
		5D1F4264249713640043F604 /* VEBlur.swift */ = {isa = PBXFileReference; lastKnownFileType = sourcecode.swift; path = VEBlur.swift; sourceTree = "<group>"; };
		5D22A26C26AF16D700F769E2 /* SectionTitleView.swift */ = {isa = PBXFileReference; lastKnownFileType = sourcecode.swift; path = SectionTitleView.swift; sourceTree = "<group>"; };
		5D271DCC271C6F730077808F /* NodeChooserPage.swift */ = {isa = PBXFileReference; lastKnownFileType = sourcecode.swift; path = NodeChooserPage.swift; sourceTree = "<group>"; };
		5D2B2B3726FF336600446F93 /* TwoStepLoginInfo.swift */ = {isa = PBXFileReference; lastKnownFileType = sourcecode.swift; path = TwoStepLoginInfo.swift; sourceTree = "<group>"; };
		5D2B2B3926FF5DF800446F93 /* AccountInfo.swift */ = {isa = PBXFileReference; lastKnownFileType = sourcecode.swift; path = AccountInfo.swift; sourceTree = "<group>"; };
		5D2B2B3B26FF754F00446F93 /* Persist.swift */ = {isa = PBXFileReference; lastKnownFileType = sourcecode.swift; path = Persist.swift; sourceTree = "<group>"; };
		5D2B2B3D26FF797600446F93 /* AccountState.swift */ = {isa = PBXFileReference; lastKnownFileType = sourcecode.swift; path = AccountState.swift; sourceTree = "<group>"; };
		5D2DD00726FB353C0001C85A /* DefaultReducer.swift */ = {isa = PBXFileReference; lastKnownFileType = sourcecode.swift; path = DefaultReducer.swift; sourceTree = "<group>"; };
		5D2DD00926FB443D0001C85A /* GlobalActions.swift */ = {isa = PBXFileReference; lastKnownFileType = sourcecode.swift; path = GlobalActions.swift; sourceTree = "<group>"; };
		5D368C8726C419D000794B8E /* APIService.swift */ = {isa = PBXFileReference; lastKnownFileType = sourcecode.swift; path = APIService.swift; sourceTree = "<group>"; };
		5D38DEF4268C21A800C48F94 /* ActivityIndicator.swift */ = {isa = PBXFileReference; lastKnownFileType = sourcecode.swift; path = ActivityIndicator.swift; sourceTree = "<group>"; };
		5D3CD31E26D0F5F600B3C2D3 /* BaseModel.swift */ = {isa = PBXFileReference; lastKnownFileType = sourcecode.swift; path = BaseModel.swift; sourceTree = "<group>"; };
		5D3CD32026D0F9CC00B3C2D3 /* TabInfo.swift */ = {isa = PBXFileReference; lastKnownFileType = sourcecode.swift; path = TabInfo.swift; sourceTree = "<group>"; };
		5D436FE524791C2C00FFA37E /* V2er.app */ = {isa = PBXFileReference; explicitFileType = wrapper.application; includeInIndex = 0; path = V2er.app; sourceTree = BUILT_PRODUCTS_DIR; };
		5D436FEC24791C2C00FFA37E /* MainPage.swift */ = {isa = PBXFileReference; lastKnownFileType = sourcecode.swift; path = MainPage.swift; sourceTree = "<group>"; };
		5D436FEE24791C2D00FFA37E /* Assets.xcassets */ = {isa = PBXFileReference; lastKnownFileType = folder.assetcatalog; path = Assets.xcassets; sourceTree = "<group>"; };
		5D436FF124791C2D00FFA37E /* Preview Assets.xcassets */ = {isa = PBXFileReference; lastKnownFileType = folder.assetcatalog; path = "Preview Assets.xcassets"; sourceTree = "<group>"; };
		5D436FF624791C2D00FFA37E /* Info.plist */ = {isa = PBXFileReference; lastKnownFileType = text.plist.xml; path = Info.plist; sourceTree = "<group>"; };
		5D436FFB24791C2D00FFA37E /* V2erTests.xctest */ = {isa = PBXFileReference; explicitFileType = wrapper.cfbundle; includeInIndex = 0; path = V2erTests.xctest; sourceTree = BUILT_PRODUCTS_DIR; };
		5D436FFF24791C2D00FFA37E /* V2erTests.swift */ = {isa = PBXFileReference; lastKnownFileType = sourcecode.swift; path = V2erTests.swift; sourceTree = "<group>"; };
		5D43700124791C2D00FFA37E /* Info.plist */ = {isa = PBXFileReference; lastKnownFileType = text.plist.xml; path = Info.plist; sourceTree = "<group>"; };
		5D43700624791C2D00FFA37E /* V2erUITests.xctest */ = {isa = PBXFileReference; explicitFileType = wrapper.cfbundle; includeInIndex = 0; path = V2erUITests.xctest; sourceTree = BUILT_PRODUCTS_DIR; };
		5D43700A24791C2D00FFA37E /* V2erUITests.swift */ = {isa = PBXFileReference; lastKnownFileType = sourcecode.swift; path = V2erUITests.swift; sourceTree = "<group>"; };
		5D43700C24791C2D00FFA37E /* Info.plist */ = {isa = PBXFileReference; lastKnownFileType = text.plist.xml; path = Info.plist; sourceTree = "<group>"; };
		5D45FC2A26CD3FCF0055C336 /* SwiftSoupExtention.swift */ = {isa = PBXFileReference; lastKnownFileType = sourcecode.swift; path = SwiftSoupExtention.swift; sourceTree = "<group>"; };
		5D4E43F72699DBC600650714 /* NewsContentView.swift */ = {isa = PBXFileReference; lastKnownFileType = sourcecode.swift; path = NewsContentView.swift; sourceTree = "<group>"; };
		5D4E43F92699DDE200650714 /* ReplyItemView.swift */ = {isa = PBXFileReference; lastKnownFileType = sourcecode.swift; path = ReplyItemView.swift; sourceTree = "<group>"; };
		5D4E43FB2699E20400650714 /* AvatarView.swift */ = {isa = PBXFileReference; lastKnownFileType = sourcecode.swift; path = AvatarView.swift; sourceTree = "<group>"; };
		5D54903226AB9E2200BB0CC0 /* SwiftUIView.swift */ = {isa = PBXFileReference; lastKnownFileType = sourcecode.swift; path = SwiftUIView.swift; sourceTree = "<group>"; };
		5D5677CA2721916300543FE8 /* CreateReducer.swift */ = {isa = PBXFileReference; lastKnownFileType = sourcecode.swift; path = CreateReducer.swift; sourceTree = "<group>"; };
		5D5677CC2721923B00543FE8 /* CreateTopicState.swift */ = {isa = PBXFileReference; lastKnownFileType = sourcecode.swift; path = CreateTopicState.swift; sourceTree = "<group>"; };
		5D5D0472275906A7007DC546 /* TwoStepLoginResultInfo.swift */ = {isa = PBXFileReference; lastKnownFileType = sourcecode.swift; path = TwoStepLoginResultInfo.swift; sourceTree = "<group>"; };
		5D5DA26924A4939B005BC60F /* ViewExtension.swift */ = {isa = PBXFileReference; lastKnownFileType = sourcecode.swift; path = ViewExtension.swift; sourceTree = "<group>"; };
		5D5EA3052741614700974E0F /* Headers.swift */ = {isa = PBXFileReference; lastKnownFileType = sourcecode.swift; path = Headers.swift; sourceTree = "<group>"; };
		5D612FA026C7C34E0009B8F9 /* NetworkException.swift */ = {isa = PBXFileReference; lastKnownFileType = sourcecode.swift; path = NetworkException.swift; sourceTree = "<group>"; };
		5D612FA226C7C61C0009B8F9 /* Endpoint.swift */ = {isa = PBXFileReference; lastKnownFileType = sourcecode.swift; path = Endpoint.swift; sourceTree = "<group>"; };
		5D66C6732742875F00328249 /* ThxAuthorInfo.swift */ = {isa = PBXFileReference; lastKnownFileType = sourcecode.swift; path = ThxAuthorInfo.swift; sourceTree = "<group>"; };
		5D68717B271853DB00329E73 /* SectionItemView.swift */ = {isa = PBXFileReference; lastKnownFileType = sourcecode.swift; path = SectionItemView.swift; sourceTree = "<group>"; };
		5D68717D27186A6200329E73 /* AppearanceSettingView.swift */ = {isa = PBXFileReference; lastKnownFileType = sourcecode.swift; path = AppearanceSettingView.swift; sourceTree = "<group>"; };
		5D68717F27186E0300329E73 /* BrowseSettingView.swift */ = {isa = PBXFileReference; lastKnownFileType = sourcecode.swift; path = BrowseSettingView.swift; sourceTree = "<group>"; };
		5D6871812718717B00329E73 /* OtherSettingsView.swift */ = {isa = PBXFileReference; lastKnownFileType = sourcecode.swift; path = OtherSettingsView.swift; sourceTree = "<group>"; };
		5D6871852718761800329E73 /* FeedbackHelperView.swift */ = {isa = PBXFileReference; lastKnownFileType = sourcecode.swift; path = FeedbackHelperView.swift; sourceTree = "<group>"; };
		5D6871872718764E00329E73 /* AboutView.swift */ = {isa = PBXFileReference; lastKnownFileType = sourcecode.swift; path = AboutView.swift; sourceTree = "<group>"; };
		5D6AAAA926917E7B00F42A13 /* Helper.swift */ = {isa = PBXFileReference; lastKnownFileType = sourcecode.swift; path = Helper.swift; sourceTree = "<group>"; };
		5D6AAAAB2691851100F42A13 /* Utils.swift */ = {isa = PBXFileReference; lastKnownFileType = sourcecode.swift; path = Utils.swift; sourceTree = "<group>"; };
		5D6AAAAE2692036100F42A13 /* FeedItemView.swift */ = {isa = PBXFileReference; lastKnownFileType = sourcecode.swift; path = FeedItemView.swift; sourceTree = "<group>"; };
		5D6B67B626D54BA1003A246B /* UA.swift */ = {isa = PBXFileReference; lastKnownFileType = sourcecode.swift; path = UA.swift; sourceTree = "<group>"; };
		5D6EE28A2693DC470053B637 /* FeedDetailPage.swift */ = {isa = PBXFileReference; lastKnownFileType = sourcecode.swift; path = FeedDetailPage.swift; sourceTree = "<group>"; };
		5D71DF54247C0FFE00B53ED4 /* FeedPage.swift */ = {isa = PBXFileReference; lastKnownFileType = sourcecode.swift; path = FeedPage.swift; sourceTree = "<group>"; };
		5D71DF56247C153C00B53ED4 /* ExplorePage.swift */ = {isa = PBXFileReference; lastKnownFileType = sourcecode.swift; path = ExplorePage.swift; sourceTree = "<group>"; };
		5D71DF58247C155400B53ED4 /* MessagePage.swift */ = {isa = PBXFileReference; lastKnownFileType = sourcecode.swift; path = MessagePage.swift; sourceTree = "<group>"; };
		5D71DF5A247C155D00B53ED4 /* MePage.swift */ = {isa = PBXFileReference; lastKnownFileType = sourcecode.swift; path = MePage.swift; sourceTree = "<group>"; };
		5D73FBD927284ADB004558E9 /* RichText.swift */ = {isa = PBXFileReference; lastKnownFileType = sourcecode.swift; path = RichText.swift; sourceTree = "<group>"; };
		5D74653C2705B97F0020F1F8 /* UpdatableState.swift */ = {isa = PBXFileReference; lastKnownFileType = sourcecode.swift; path = UpdatableState.swift; sourceTree = "<group>"; };
		5D7B78F526C2BB490037D000 /* StateView.swift */ = {isa = PBXFileReference; lastKnownFileType = sourcecode.swift; path = StateView.swift; sourceTree = "<group>"; };
		5D843E9426A4537C00C47D95 /* SearchPage.swift */ = {isa = PBXFileReference; lastKnownFileType = sourcecode.swift; path = SearchPage.swift; sourceTree = "<group>"; };
		5D88D5D926C200FB00302265 /* FeedReducer.swift */ = {isa = PBXFileReference; lastKnownFileType = sourcecode.swift; path = FeedReducer.swift; sourceTree = "<group>"; };
		5D88D5DB26C2016000302265 /* ExploreReducer.swift */ = {isa = PBXFileReference; lastKnownFileType = sourcecode.swift; path = ExploreReducer.swift; sourceTree = "<group>"; };
		5D88D5DD26C2017400302265 /* MessageReducer.swift */ = {isa = PBXFileReference; lastKnownFileType = sourcecode.swift; path = MessageReducer.swift; sourceTree = "<group>"; };
		5D88D5DF26C2017E00302265 /* MeReducer.swift */ = {isa = PBXFileReference; lastKnownFileType = sourcecode.swift; path = MeReducer.swift; sourceTree = "<group>"; };
		5D8D752527656EF900460478 /* TwoStepLoginPage.swift */ = {isa = PBXFileReference; lastKnownFileType = sourcecode.swift; path = TwoStepLoginPage.swift; sourceTree = "<group>"; };
		5D8FAA35272AD27A0067766E /* TestView.swift */ = {isa = PBXFileReference; lastKnownFileType = sourcecode.swift; path = TestView.swift; sourceTree = "<group>"; };
		5D8FAA37272D26200067766E /* RootView.swift */ = {isa = PBXFileReference; lastKnownFileType = sourcecode.swift; path = RootView.swift; sourceTree = "<group>"; };
		5D91F8D426F22A6F0089D72E /* TagDetailState.swift */ = {isa = PBXFileReference; lastKnownFileType = sourcecode.swift; path = TagDetailState.swift; sourceTree = "<group>"; };
		5D91F8D826F22CEC0089D72E /* TagDetailReducer.swift */ = {isa = PBXFileReference; lastKnownFileType = sourcecode.swift; path = TagDetailReducer.swift; sourceTree = "<group>"; };
		5D9D5222269543DA00D80D6B /* TagDetailPage.swift */ = {isa = PBXFileReference; lastKnownFileType = sourcecode.swift; path = TagDetailPage.swift; sourceTree = "<group>"; };
		5DA2AD3426C17EA5007FB1EF /* Store.swift */ = {isa = PBXFileReference; lastKnownFileType = sourcecode.swift; path = Store.swift; sourceTree = "<group>"; };
		5DA2AD3626C17EB9007FB1EF /* AppState.swift */ = {isa = PBXFileReference; lastKnownFileType = sourcecode.swift; path = AppState.swift; sourceTree = "<group>"; };
		5DA2AD3826C17ECC007FB1EF /* Action.swift */ = {isa = PBXFileReference; lastKnownFileType = sourcecode.swift; path = Action.swift; sourceTree = "<group>"; };
		5DA2AD3D26C18043007FB1EF /* FluxState.swift */ = {isa = PBXFileReference; lastKnownFileType = sourcecode.swift; path = FluxState.swift; sourceTree = "<group>"; };
		5DA2AD4126C18112007FB1EF /* ExploreState.swift */ = {isa = PBXFileReference; lastKnownFileType = sourcecode.swift; path = ExploreState.swift; sourceTree = "<group>"; };
		5DA2AD4326C18121007FB1EF /* FeedState.swift */ = {isa = PBXFileReference; lastKnownFileType = sourcecode.swift; path = FeedState.swift; sourceTree = "<group>"; };
		5DA2AD4526C18208007FB1EF /* MeState.swift */ = {isa = PBXFileReference; lastKnownFileType = sourcecode.swift; path = MeState.swift; sourceTree = "<group>"; };
		5DA2AD4726C18232007FB1EF /* MessageState.swift */ = {isa = PBXFileReference; lastKnownFileType = sourcecode.swift; path = MessageState.swift; sourceTree = "<group>"; };
		5DA2DC8726ADAD6400022C31 /* FlowStack.swift */ = {isa = PBXFileReference; lastKnownFileType = sourcecode.swift; path = FlowStack.swift; sourceTree = "<group>"; };
		5DA69A4824ACBC8D00F8B77A /* V2erApp.swift */ = {isa = PBXFileReference; lastKnownFileType = sourcecode.swift; path = V2erApp.swift; sourceTree = "<group>"; };
		5DAA50A526F0D8DD00CB63DE /* TagDetailInfo.swift */ = {isa = PBXFileReference; lastKnownFileType = sourcecode.swift; path = TagDetailInfo.swift; sourceTree = "<group>"; };
		5DB6229F26DE8BCD0026C4A8 /* ExploreInfo.swift */ = {isa = PBXFileReference; lastKnownFileType = sourcecode.swift; path = ExploreInfo.swift; sourceTree = "<group>"; };
		5DC05A54273D5A2B003561A9 /* Toast.swift */ = {isa = PBXFileReference; lastKnownFileType = sourcecode.swift; path = Toast.swift; sourceTree = "<group>"; };
		5DCDE3932695D16B00261385 /* AuthorInfoView.swift */ = {isa = PBXFileReference; lastKnownFileType = sourcecode.swift; path = AuthorInfoView.swift; sourceTree = "<group>"; };
		5DCE4CE5270BC683006BA98D /* UserFeedState.swift */ = {isa = PBXFileReference; lastKnownFileType = sourcecode.swift; path = UserFeedState.swift; sourceTree = "<group>"; };
		5DCE4CE7270D9551006BA98D /* UserFeedReducer.swift */ = {isa = PBXFileReference; lastKnownFileType = sourcecode.swift; path = UserFeedReducer.swift; sourceTree = "<group>"; };
		5DCE4CE9270D9700006BA98D /* MyFavoriteState.swift */ = {isa = PBXFileReference; lastKnownFileType = sourcecode.swift; path = MyFavoriteState.swift; sourceTree = "<group>"; };
		5DCE4CEB270D9746006BA98D /* MyFollowState.swift */ = {isa = PBXFileReference; lastKnownFileType = sourcecode.swift; path = MyFollowState.swift; sourceTree = "<group>"; };
		5DCE4CEF270D978B006BA98D /* SettingState.swift */ = {isa = PBXFileReference; lastKnownFileType = sourcecode.swift; path = SettingState.swift; sourceTree = "<group>"; };
		5DCE4CF1270D9827006BA98D /* MyFavoriteReducer.swift */ = {isa = PBXFileReference; lastKnownFileType = sourcecode.swift; path = MyFavoriteReducer.swift; sourceTree = "<group>"; };
		5DCE4CF3270D9850006BA98D /* MyFollowReducer.swift */ = {isa = PBXFileReference; lastKnownFileType = sourcecode.swift; path = MyFollowReducer.swift; sourceTree = "<group>"; };
		5DCE4CF5270D9865006BA98D /* MyRecentReducer.swift */ = {isa = PBXFileReference; lastKnownFileType = sourcecode.swift; path = MyRecentReducer.swift; sourceTree = "<group>"; };
		5DCE4CF7270D9871006BA98D /* SettingReducer.swift */ = {isa = PBXFileReference; lastKnownFileType = sourcecode.swift; path = SettingReducer.swift; sourceTree = "<group>"; };
		5DD2B9FD27263E3A004F357D /* SearchState.swift */ = {isa = PBXFileReference; lastKnownFileType = sourcecode.swift; path = SearchState.swift; sourceTree = "<group>"; };
		5DD2B9FF27263E76004F357D /* SearchStateReducer.swift */ = {isa = PBXFileReference; lastKnownFileType = sourcecode.swift; path = SearchStateReducer.swift; sourceTree = "<group>"; };
		5DD440D2269F1F5E00EE0FAB /* Syles.swift */ = {isa = PBXFileReference; lastKnownFileType = sourcecode.swift; path = Syles.swift; sourceTree = "<group>"; };
		5DD4639D26F70CE800A1FBA1 /* LoginPage.swift */ = {isa = PBXFileReference; lastKnownFileType = sourcecode.swift; path = LoginPage.swift; sourceTree = "<group>"; };
		5DE5B4C92684601A00569684 /* TopBar.swift */ = {isa = PBXFileReference; lastKnownFileType = sourcecode.swift; path = TopBar.swift; sourceTree = "<group>"; };
		5DE5B4CC268466D800569684 /* UpdatableView.swift */ = {isa = PBXFileReference; lastKnownFileType = sourcecode.swift; path = UpdatableView.swift; sourceTree = "<group>"; };
		5DE5C578249D90AD0004DCC6 /* Color.swift */ = {isa = PBXFileReference; lastKnownFileType = sourcecode.swift; path = Color.swift; sourceTree = "<group>"; };
		5DE62A2826CEB20E0082161A /* Extentions.swift */ = {isa = PBXFileReference; lastKnownFileType = sourcecode.swift; path = Extentions.swift; sourceTree = "<group>"; };
		5DEC5D672730F28E00B34BC5 /* bootstrap.min.css */ = {isa = PBXFileReference; fileEncoding = 4; lastKnownFileType = text.css; path = bootstrap.min.css; sourceTree = "<group>"; };
		5DEC5D682730F28E00B34BC5 /* image_holder_failed.png */ = {isa = PBXFileReference; lastKnownFileType = image.png; path = image_holder_failed.png; sourceTree = "<group>"; };
		5DEC5D692730F28E00B34BC5 /* email.js */ = {isa = PBXFileReference; fileEncoding = 4; lastKnownFileType = sourcecode.javascript; path = email.js; sourceTree = "<group>"; };
		5DEC5D6A2730F28F00B34BC5 /* v2er.css */ = {isa = PBXFileReference; fileEncoding = 4; lastKnownFileType = text.css; path = v2er.css; sourceTree = "<group>"; };
		5DEC5D6B2730F28F00B34BC5 /* highlight.js */ = {isa = PBXFileReference; fileEncoding = 4; lastKnownFileType = sourcecode.javascript; path = highlight.js; sourceTree = "<group>"; };
		5DEC5D6C2730F28F00B34BC5 /* v2er.html */ = {isa = PBXFileReference; fileEncoding = 4; lastKnownFileType = text.html; path = v2er.html; sourceTree = "<group>"; };
		5DEC5D6D2730F28F00B34BC5 /* v2er.js */ = {isa = PBXFileReference; fileEncoding = 4; lastKnownFileType = sourcecode.javascript; path = v2er.js; sourceTree = "<group>"; };
		5DEC5D6E2730F28F00B34BC5 /* jquery.min.js */ = {isa = PBXFileReference; fileEncoding = 4; lastKnownFileType = sourcecode.javascript; path = jquery.min.js; sourceTree = "<group>"; };
		5DEC5D6F2730F28F00B34BC5 /* tomorrow.css */ = {isa = PBXFileReference; fileEncoding = 4; lastKnownFileType = text.css; path = tomorrow.css; sourceTree = "<group>"; };
		5DEC5D702730F28F00B34BC5 /* user_manual.html */ = {isa = PBXFileReference; fileEncoding = 4; lastKnownFileType = text.html; path = user_manual.html; sourceTree = "<group>"; };
		5DEC5D712730F28F00B34BC5 /* font.css */ = {isa = PBXFileReference; fileEncoding = 4; lastKnownFileType = text.css; path = font.css; sourceTree = "<group>"; };
		5DEC5D722730F28F00B34BC5 /* image_holder_loading.gif */ = {isa = PBXFileReference; lastKnownFileType = image.gif; path = image_holder_loading.gif; sourceTree = "<group>"; };
		5DED91CD269FBA2D00BD942B /* NavbarHostView.swift */ = {isa = PBXFileReference; lastKnownFileType = sourcecode.swift; path = NavbarHostView.swift; sourceTree = "<group>"; };
		5DF1B36C2698A39E0046DB20 /* Device.swift */ = {isa = PBXFileReference; lastKnownFileType = sourcecode.swift; path = Device.swift; sourceTree = "<group>"; };
		5DF417712712CD8D00E6D135 /* NodeView.swift */ = {isa = PBXFileReference; lastKnownFileType = sourcecode.swift; path = NodeView.swift; sourceTree = "<group>"; };
		5DF417732712DA7500E6D135 /* MyRecentState.swift */ = {isa = PBXFileReference; lastKnownFileType = sourcecode.swift; path = MyRecentState.swift; sourceTree = "<group>"; };
		5DF80E3526A2D045002ADC79 /* MultilineTextField.swift */ = {isa = PBXFileReference; lastKnownFileType = sourcecode.swift; path = MultilineTextField.swift; sourceTree = "<group>"; };
		5DF92A5C26859DDD00E6086E /* HeadIndicatorView.swift */ = {isa = PBXFileReference; lastKnownFileType = sourcecode.swift; path = HeadIndicatorView.swift; sourceTree = "<group>"; };
/* End PBXFileReference section */

/* Begin PBXFrameworksBuildPhase section */
		5D436FE224791C2C00FFA37E /* Frameworks */ = {
			isa = PBXFrameworksBuildPhase;
			buildActionMask = 2147483647;
			files = (
				4EC32AF029D81863003A3BD4 /* WebView in Frameworks */,
				4E55BE8A29D45FC00044389C /* Kingfisher in Frameworks */,
				5D0CFA8526B994F5001A8A7F /* SwiftSoup in Frameworks */,
				5D8FAA34272A70F50067766E /* Atributika in Frameworks */,
			);
			runOnlyForDeploymentPostprocessing = 0;
		};
		5D436FF824791C2D00FFA37E /* Frameworks */ = {
			isa = PBXFrameworksBuildPhase;
			buildActionMask = 2147483647;
			files = (
			);
			runOnlyForDeploymentPostprocessing = 0;
		};
		5D43700324791C2D00FFA37E /* Frameworks */ = {
			isa = PBXFrameworksBuildPhase;
			buildActionMask = 2147483647;
			files = (
			);
			runOnlyForDeploymentPostprocessing = 0;
		};
/* End PBXFrameworksBuildPhase section */

/* Begin PBXGroup section */
		5D179BFD2496F6EC00E40E90 /* Widget */ = {
			isa = PBXGroup;
			children = (
				5D73FBD827284ACA004558E9 /* RichText */,
				5DE5B4CB268466AF00569684 /* Updatable */,
				5D096A07247ABF5E00EF3E47 /* TabBar.swift */,
				5D1F4264249713640043F604 /* VEBlur.swift */,
				5DE5B4C92684601A00569684 /* TopBar.swift */,
				5D4E43FB2699E20400650714 /* AvatarView.swift */,
				5DED91CD269FBA2D00BD942B /* NavbarHostView.swift */,
				5DF80E3526A2D045002ADC79 /* MultilineTextField.swift */,
				5DA2DC8726ADAD6400022C31 /* FlowStack.swift */,
				5D22A26C26AF16D700F769E2 /* SectionTitleView.swift */,
				5DF417712712CD8D00E6D135 /* NodeView.swift */,
				5D68717B271853DB00329E73 /* SectionItemView.swift */,
				5DC05A54273D5A2B003561A9 /* Toast.swift */,
			);
			path = Widget;
			sourceTree = "<group>";
		};
		5D1D7B8526FC9AF6008E0C08 /* Login */ = {
			isa = PBXGroup;
			children = (
				5DD4639D26F70CE800A1FBA1 /* LoginPage.swift */,
				5D8D752527656EF900460478 /* TwoStepLoginPage.swift */,
			);
			path = Login;
			sourceTree = "<group>";
		};
		5D1D8E2026B1967B0040C418 /* Me */ = {
			isa = PBXGroup;
			children = (
				5D71DF5A247C155D00B53ED4 /* MePage.swift */,
				5D1D8E2126B1969B0040C418 /* CreateTopicPage.swift */,
				5D1D8E2326B19A640040C418 /* UserDetailPage.swift */,
				5D0CFA7B26B992B2001A8A7F /* MyFollowPage.swift */,
				5D0CFA7D26B992D6001A8A7F /* MyFavoritePage.swift */,
				5D0CFA7F26B992FC001A8A7F /* MyRecentPage.swift */,
				5D0CFA8126B9935B001A8A7F /* UserFeedPage.swift */,
				5D271DCC271C6F730077808F /* NodeChooserPage.swift */,
			);
			path = Me;
			sourceTree = "<group>";
		};
		5D3CD31A26D0BC0F00B3C2D3 /* State */ = {
			isa = PBXGroup;
			children = (
				5DA2AD3626C17EB9007FB1EF /* AppState.swift */,
				5DA2AD3D26C18043007FB1EF /* FluxState.swift */,
				5DA2AD4326C18121007FB1EF /* FeedState.swift */,
				5DA2AD4126C18112007FB1EF /* ExploreState.swift */,
				5DA2AD4726C18232007FB1EF /* MessageState.swift */,
				5DA2AD4526C18208007FB1EF /* MeState.swift */,
				5D0A513C26E36AB9006F3D9B /* FeedDetailState.swift */,
				5D1D8BFF26EBA875009DF65A /* UserDetailState.swift */,
				5D1D8C0926EDEC96009DF65A /* GlobalState.swift */,
				5D91F8D426F22A6F0089D72E /* TagDetailState.swift */,
				5D1D7B8326FC8323008E0C08 /* LoginState.swift */,
				5D74653C2705B97F0020F1F8 /* UpdatableState.swift */,
				5DCE4CE5270BC683006BA98D /* UserFeedState.swift */,
				5DCE4CE9270D9700006BA98D /* MyFavoriteState.swift */,
				5DCE4CEB270D9746006BA98D /* MyFollowState.swift */,
				5DCE4CEF270D978B006BA98D /* SettingState.swift */,
				5DF417732712DA7500E6D135 /* MyRecentState.swift */,
				5D5677CC2721923B00543FE8 /* CreateTopicState.swift */,
				5DD2B9FD27263E3A004F357D /* SearchState.swift */,
			);
			path = State;
			sourceTree = "<group>";
		};
		5D3CD31B26D0BFAE00B3C2D3 /* Actions */ = {
			isa = PBXGroup;
			children = (
				5DA2AD3826C17ECC007FB1EF /* Action.swift */,
				5D0A513626E0CBFC006F3D9B /* ExploreActions.swift */,
				5D0A513E26E36F15006F3D9B /* FeedDetailActions.swift */,
				5D1D8C0326EBAC07009DF65A /* UserDetailActions.swift */,
				5D2DD00926FB443D0001C85A /* GlobalActions.swift */,
				5D143197270426FD00462661 /* MeActions.swift */,
			);
			path = Actions;
			sourceTree = "<group>";
		};
		5D436FDC24791C2C00FFA37E = {
			isa = PBXGroup;
			children = (
				5D436FE724791C2C00FFA37E /* V2er */,
				5D436FFE24791C2D00FFA37E /* V2erTests */,
				5D43700924791C2D00FFA37E /* V2erUITests */,
				5D436FE624791C2C00FFA37E /* Products */,
			);
			sourceTree = "<group>";
		};
		5D436FE624791C2C00FFA37E /* Products */ = {
			isa = PBXGroup;
			children = (
				5D436FE524791C2C00FFA37E /* V2er.app */,
				5D436FFB24791C2D00FFA37E /* V2erTests.xctest */,
				5D43700624791C2D00FFA37E /* V2erUITests.xctest */,
			);
			name = Products;
			sourceTree = "<group>";
		};
		5D436FE724791C2C00FFA37E /* V2er */ = {
			isa = PBXGroup;
			children = (
				5DE5C577249D90690004DCC6 /* General */,
				5DE5B4C826845F4F00569684 /* View */,
				5DA2AD3326C17E7F007FB1EF /* State */,
				5D436FEE24791C2D00FFA37E /* Assets.xcassets */,
				5DEC5D662730F25800B34BC5 /* www */,
				5D436FF624791C2D00FFA37E /* Info.plist */,
				5D436FF024791C2D00FFA37E /* Preview Content */,
			);
			path = V2er;
			sourceTree = "<group>";
		};
		5D436FF024791C2D00FFA37E /* Preview Content */ = {
			isa = PBXGroup;
			children = (
				5D436FF124791C2D00FFA37E /* Preview Assets.xcassets */,
			);
			path = "Preview Content";
			sourceTree = "<group>";
		};
		5D436FFE24791C2D00FFA37E /* V2erTests */ = {
			isa = PBXGroup;
			children = (
				5D436FFF24791C2D00FFA37E /* V2erTests.swift */,
				5D43700124791C2D00FFA37E /* Info.plist */,
			);
			path = V2erTests;
			sourceTree = "<group>";
		};
		5D43700924791C2D00FFA37E /* V2erUITests */ = {
			isa = PBXGroup;
			children = (
				5D43700A24791C2D00FFA37E /* V2erUITests.swift */,
				5D43700C24791C2D00FFA37E /* Info.plist */,
			);
			path = V2erUITests;
			sourceTree = "<group>";
		};
		5D6353EC27171CBF00AC9CF9 /* Settings */ = {
			isa = PBXGroup;
			children = (
				5D0CFA7926B9926C001A8A7F /* SettingsPage.swift */,
				5D68717D27186A6200329E73 /* AppearanceSettingView.swift */,
				5D68717F27186E0300329E73 /* BrowseSettingView.swift */,
				5D6871812718717B00329E73 /* OtherSettingsView.swift */,
				5D6871852718761800329E73 /* FeedbackHelperView.swift */,
				5D6871872718764E00329E73 /* AboutView.swift */,
			);
			path = Settings;
			sourceTree = "<group>";
		};
		5D6AAAAD2692034700F42A13 /* Feed */ = {
			isa = PBXGroup;
			children = (
				5D71DF54247C0FFE00B53ED4 /* FeedPage.swift */,
				5D6AAAAE2692036100F42A13 /* FeedItemView.swift */,
			);
			path = Feed;
			sourceTree = "<group>";
		};
		5D73FBD827284ACA004558E9 /* RichText */ = {
			isa = PBXGroup;
			children = (
				5D73FBD927284ADB004558E9 /* RichText.swift */,
				5D8FAA35272AD27A0067766E /* TestView.swift */,
			);
			path = RichText;
			sourceTree = "<group>";
		};
		5D843E9326A4536400C47D95 /* Explore */ = {
			isa = PBXGroup;
			children = (
				5D71DF56247C153C00B53ED4 /* ExplorePage.swift */,
				5D843E9426A4537C00C47D95 /* SearchPage.swift */,
				5D54903226AB9E2200BB0CC0 /* SwiftUIView.swift */,
			);
			path = Explore;
			sourceTree = "<group>";
		};
		5D843E9626A46CB800C47D95 /* Message */ = {
			isa = PBXGroup;
			children = (
				5D71DF58247C155400B53ED4 /* MessagePage.swift */,
			);
			path = Message;
			sourceTree = "<group>";
		};
		5D88D5D826C200E500302265 /* Reducers */ = {
			isa = PBXGroup;
			children = (
				5D88D5D926C200FB00302265 /* FeedReducer.swift */,
				5D88D5DB26C2016000302265 /* ExploreReducer.swift */,
				5D88D5DD26C2017400302265 /* MessageReducer.swift */,
				5D88D5DF26C2017E00302265 /* MeReducer.swift */,
				5D1D8BFD26EBA857009DF65A /* UserDetailReducer.swift */,
				5D91F8D826F22CEC0089D72E /* TagDetailReducer.swift */,
				5D2DD00726FB353C0001C85A /* DefaultReducer.swift */,
				5D1D7B8626FC9B61008E0C08 /* LoginReducer.swift */,
				5DCE4CE7270D9551006BA98D /* UserFeedReducer.swift */,
				5DCE4CF1270D9827006BA98D /* MyFavoriteReducer.swift */,
				5DCE4CF3270D9850006BA98D /* MyFollowReducer.swift */,
				5DCE4CF5270D9865006BA98D /* MyRecentReducer.swift */,
				5DCE4CF7270D9871006BA98D /* SettingReducer.swift */,
				5D5677CA2721916300543FE8 /* CreateReducer.swift */,
				5DD2B9FF27263E76004F357D /* SearchStateReducer.swift */,
			);
			path = Reducers;
			sourceTree = "<group>";
		};
		5DA2AD3326C17E7F007FB1EF /* State */ = {
			isa = PBXGroup;
			children = (
				5DA2AD3B26C17F0D007FB1EF /* DataFlow */,
				5DA2AD3C26C17F3A007FB1EF /* Networking */,
			);
			path = State;
			sourceTree = "<group>";
		};
		5DA2AD3A26C17EFE007FB1EF /* Model */ = {
			isa = PBXGroup;
			children = (
				5D3CD31E26D0F5F600B3C2D3 /* BaseModel.swift */,
				5D04BF9626C9FB6E0005F7E3 /* FeedInfo.swift */,
				5D3CD32026D0F9CC00B3C2D3 /* TabInfo.swift */,
				5DB6229F26DE8BCD0026C4A8 /* ExploreInfo.swift */,
				5D0A513A26E26505006F3D9B /* FeedDetailInfo.swift */,
				5D1D8C0126EBA88C009DF65A /* UserDetailInfo.swift */,
				5D1D8C0526ECA457009DF65A /* ModelUtils.swift */,
				5DAA50A526F0D8DD00CB63DE /* TagDetailInfo.swift */,
				5D1D7B8A26FD7FCE008E0C08 /* DailyInfo.swift */,
				5D2B2B3726FF336600446F93 /* TwoStepLoginInfo.swift */,
				5D2B2B3926FF5DF800446F93 /* AccountInfo.swift */,
				5D1CB5BB27244618002DB087 /* Nodes.swift */,
				5D66C6732742875F00328249 /* ThxAuthorInfo.swift */,
				5D5D0472275906A7007DC546 /* TwoStepLoginResultInfo.swift */,
			);
			path = Model;
			sourceTree = "<group>";
		};
		5DA2AD3B26C17F0D007FB1EF /* DataFlow */ = {
			isa = PBXGroup;
			children = (
				5D3CD31B26D0BFAE00B3C2D3 /* Actions */,
				5DA2AD3426C17EA5007FB1EF /* Store.swift */,
				5D88D5D826C200E500302265 /* Reducers */,
				5D3CD31A26D0BC0F00B3C2D3 /* State */,
				5DA2AD3A26C17EFE007FB1EF /* Model */,
			);
			path = DataFlow;
			sourceTree = "<group>";
		};
		5DA2AD3C26C17F3A007FB1EF /* Networking */ = {
			isa = PBXGroup;
			children = (
				5D368C8726C419D000794B8E /* APIService.swift */,
				5D612FA026C7C34E0009B8F9 /* NetworkException.swift */,
				5D612FA226C7C61C0009B8F9 /* Endpoint.swift */,
				5D45FC2A26CD3FCF0055C336 /* SwiftSoupExtention.swift */,
				5D6B67B626D54BA1003A246B /* UA.swift */,
				5D5EA3052741614700974E0F /* Headers.swift */,
			);
			path = Networking;
			sourceTree = "<group>";
		};
		5DAA50A426F0D8A400CB63DE /* Tag */ = {
			isa = PBXGroup;
			children = (
				5D9D5222269543DA00D80D6B /* TagDetailPage.swift */,
			);
			path = Tag;
			sourceTree = "<group>";
		};
		5DCDE3922695D02D00261385 /* FeedDetail */ = {
			isa = PBXGroup;
			children = (
				5D0A513826E26473006F3D9B /* FeedDetailReducer.swift */,
				5D6EE28A2693DC470053B637 /* FeedDetailPage.swift */,
				5DCDE3932695D16B00261385 /* AuthorInfoView.swift */,
				5D4E43F72699DBC600650714 /* NewsContentView.swift */,
				5D4E43F92699DDE200650714 /* ReplyItemView.swift */,
				5D18A2812730106000ADE1D0 /* HtmlView.swift */,
			);
			path = FeedDetail;
			sourceTree = "<group>";
		};
		5DE5B4C826845F4F00569684 /* View */ = {
			isa = PBXGroup;
			children = (
				5D436FEC24791C2C00FFA37E /* MainPage.swift */,
				5D5DA26924A4939B005BC60F /* ViewExtension.swift */,
				5DD440D2269F1F5E00EE0FAB /* Syles.swift */,
				5D7B78F526C2BB490037D000 /* StateView.swift */,
				5D6AAAAD2692034700F42A13 /* Feed */,
				5DCDE3922695D02D00261385 /* FeedDetail */,
				5DAA50A426F0D8A400CB63DE /* Tag */,
				5D843E9326A4536400C47D95 /* Explore */,
				5D1D8E2026B1967B0040C418 /* Me */,
				5D6353EC27171CBF00AC9CF9 /* Settings */,
				5D1D7B8526FC9AF6008E0C08 /* Login */,
				5D843E9626A46CB800C47D95 /* Message */,
				5D179BFD2496F6EC00E40E90 /* Widget */,
				4EC32AF129D818FC003A3BD4 /* WebBrowserView.swift */,
			);
			path = View;
			sourceTree = "<group>";
		};
		5DE5B4CB268466AF00569684 /* Updatable */ = {
			isa = PBXGroup;
			children = (
				5DE5B4CC268466D800569684 /* UpdatableView.swift */,
				5DF92A5C26859DDD00E6086E /* HeadIndicatorView.swift */,
				5D38DEF4268C21A800C48F94 /* ActivityIndicator.swift */,
				5D02BD5E26909146007B6A1B /* LoadmoreIndicatorView.swift */,
				5D6AAAA926917E7B00F42A13 /* Helper.swift */,
			);
			path = Updatable;
			sourceTree = "<group>";
		};
		5DE5C577249D90690004DCC6 /* General */ = {
			isa = PBXGroup;
			children = (
				5DA69A4824ACBC8D00F8B77A /* V2erApp.swift */,
				5DE5C578249D90AD0004DCC6 /* Color.swift */,
				5D6AAAAB2691851100F42A13 /* Utils.swift */,
				5DF1B36C2698A39E0046DB20 /* Device.swift */,
				5DE62A2826CEB20E0082161A /* Extentions.swift */,
				5D2B2B3B26FF754F00446F93 /* Persist.swift */,
				5D2B2B3D26FF797600446F93 /* AccountState.swift */,
				5D8FAA37272D26200067766E /* RootView.swift */,
			);
			path = General;
			sourceTree = "<group>";
		};
		5DEC5D662730F25800B34BC5 /* www */ = {
			isa = PBXGroup;
			children = (
				5DEC5D672730F28E00B34BC5 /* bootstrap.min.css */,
				5DEC5D692730F28E00B34BC5 /* email.js */,
				5DEC5D712730F28F00B34BC5 /* font.css */,
				5DEC5D6B2730F28F00B34BC5 /* highlight.js */,
				5DEC5D682730F28E00B34BC5 /* image_holder_failed.png */,
				5DEC5D722730F28F00B34BC5 /* image_holder_loading.gif */,
				5DEC5D6E2730F28F00B34BC5 /* jquery.min.js */,
				5DEC5D6F2730F28F00B34BC5 /* tomorrow.css */,
				5DEC5D702730F28F00B34BC5 /* user_manual.html */,
				5DEC5D6A2730F28F00B34BC5 /* v2er.css */,
				5DEC5D6C2730F28F00B34BC5 /* v2er.html */,
				5DEC5D6D2730F28F00B34BC5 /* v2er.js */,
			);
			path = www;
			sourceTree = "<group>";
		};
/* End PBXGroup section */

/* Begin PBXNativeTarget section */
		5D436FE424791C2C00FFA37E /* V2er */ = {
			isa = PBXNativeTarget;
			buildConfigurationList = 5D43700F24791C2D00FFA37E /* Build configuration list for PBXNativeTarget "V2er" */;
			buildPhases = (
				5D436FE124791C2C00FFA37E /* Sources */,
				5D436FE224791C2C00FFA37E /* Frameworks */,
				5D436FE324791C2C00FFA37E /* Resources */,
			);
			buildRules = (
			);
			dependencies = (
			);
			name = V2er;
			packageProductDependencies = (
				5D0CFA8426B994F5001A8A7F /* SwiftSoup */,
				5D8FAA33272A70F50067766E /* Atributika */,
				4E55BE8929D45FC00044389C /* Kingfisher */,
				4EC32AEF29D81863003A3BD4 /* WebView */,
			);
			productName = V2er;
			productReference = 5D436FE524791C2C00FFA37E /* V2er.app */;
			productType = "com.apple.product-type.application";
		};
		5D436FFA24791C2D00FFA37E /* V2erTests */ = {
			isa = PBXNativeTarget;
			buildConfigurationList = 5D43701224791C2D00FFA37E /* Build configuration list for PBXNativeTarget "V2erTests" */;
			buildPhases = (
				5D436FF724791C2D00FFA37E /* Sources */,
				5D436FF824791C2D00FFA37E /* Frameworks */,
				5D436FF924791C2D00FFA37E /* Resources */,
			);
			buildRules = (
			);
			dependencies = (
				5D436FFD24791C2D00FFA37E /* PBXTargetDependency */,
			);
			name = V2erTests;
			productName = V2erTests;
			productReference = 5D436FFB24791C2D00FFA37E /* V2erTests.xctest */;
			productType = "com.apple.product-type.bundle.unit-test";
		};
		5D43700524791C2D00FFA37E /* V2erUITests */ = {
			isa = PBXNativeTarget;
			buildConfigurationList = 5D43701524791C2D00FFA37E /* Build configuration list for PBXNativeTarget "V2erUITests" */;
			buildPhases = (
				5D43700224791C2D00FFA37E /* Sources */,
				5D43700324791C2D00FFA37E /* Frameworks */,
				5D43700424791C2D00FFA37E /* Resources */,
			);
			buildRules = (
			);
			dependencies = (
				5D43700824791C2D00FFA37E /* PBXTargetDependency */,
			);
			name = V2erUITests;
			productName = V2erUITests;
			productReference = 5D43700624791C2D00FFA37E /* V2erUITests.xctest */;
			productType = "com.apple.product-type.bundle.ui-testing";
		};
/* End PBXNativeTarget section */

/* Begin PBXProject section */
		5D436FDD24791C2C00FFA37E /* Project object */ = {
			isa = PBXProject;
			attributes = {
				LastSwiftUpdateCheck = 1150;
				LastUpgradeCheck = 1310;
				ORGANIZATIONNAME = lessmore.io;
				TargetAttributes = {
					5D436FE424791C2C00FFA37E = {
						CreatedOnToolsVersion = 11.5;
					};
					5D436FFA24791C2D00FFA37E = {
						CreatedOnToolsVersion = 11.5;
						TestTargetID = 5D436FE424791C2C00FFA37E;
					};
					5D43700524791C2D00FFA37E = {
						CreatedOnToolsVersion = 11.5;
						TestTargetID = 5D436FE424791C2C00FFA37E;
					};
				};
			};
			buildConfigurationList = 5D436FE024791C2C00FFA37E /* Build configuration list for PBXProject "V2er" */;
			compatibilityVersion = "Xcode 9.3";
			developmentRegion = en;
			hasScannedForEncodings = 0;
			knownRegions = (
				en,
				Base,
			);
			mainGroup = 5D436FDC24791C2C00FFA37E;
			packageReferences = (
				5D0CFA8326B994F5001A8A7F /* XCRemoteSwiftPackageReference "SwiftSoup" */,
				5D8FAA32272A70F50067766E /* XCRemoteSwiftPackageReference "SwiftRichText" */,
				4E55BE8829D45FC00044389C /* XCRemoteSwiftPackageReference "Kingfisher" */,
				4EC32AEE29D81863003A3BD4 /* XCRemoteSwiftPackageReference "SwiftUI-WebView" */,
			);
			productRefGroup = 5D436FE624791C2C00FFA37E /* Products */;
			projectDirPath = "";
			projectRoot = "";
			targets = (
				5D436FE424791C2C00FFA37E /* V2er */,
				5D436FFA24791C2D00FFA37E /* V2erTests */,
				5D43700524791C2D00FFA37E /* V2erUITests */,
			);
		};
/* End PBXProject section */

/* Begin PBXResourcesBuildPhase section */
		5D436FE324791C2C00FFA37E /* Resources */ = {
			isa = PBXResourcesBuildPhase;
			buildActionMask = 2147483647;
			files = (
				5D436FF224791C2D00FFA37E /* Preview Assets.xcassets in Resources */,
				5DEC5D7E2730F29000B34BC5 /* image_holder_loading.gif in Resources */,
				5DEC5D732730F28F00B34BC5 /* bootstrap.min.css in Resources */,
				5DEC5D7A2730F28F00B34BC5 /* jquery.min.js in Resources */,
				5DEC5D772730F28F00B34BC5 /* highlight.js in Resources */,
				5DEC5D782730F28F00B34BC5 /* v2er.html in Resources */,
				5DEC5D7B2730F28F00B34BC5 /* tomorrow.css in Resources */,
				5DEC5D762730F28F00B34BC5 /* v2er.css in Resources */,
				5DEC5D742730F28F00B34BC5 /* image_holder_failed.png in Resources */,
				5DEC5D792730F28F00B34BC5 /* v2er.js in Resources */,
				5DEC5D752730F28F00B34BC5 /* email.js in Resources */,
				5D436FEF24791C2D00FFA37E /* Assets.xcassets in Resources */,
				5DEC5D7D2730F29000B34BC5 /* font.css in Resources */,
				5DEC5D7C2730F28F00B34BC5 /* user_manual.html in Resources */,
			);
			runOnlyForDeploymentPostprocessing = 0;
		};
		5D436FF924791C2D00FFA37E /* Resources */ = {
			isa = PBXResourcesBuildPhase;
			buildActionMask = 2147483647;
			files = (
			);
			runOnlyForDeploymentPostprocessing = 0;
		};
		5D43700424791C2D00FFA37E /* Resources */ = {
			isa = PBXResourcesBuildPhase;
			buildActionMask = 2147483647;
			files = (
			);
			runOnlyForDeploymentPostprocessing = 0;
		};
/* End PBXResourcesBuildPhase section */

/* Begin PBXSourcesBuildPhase section */
		5D436FE124791C2C00FFA37E /* Sources */ = {
			isa = PBXSourcesBuildPhase;
			buildActionMask = 2147483647;
			files = (
				5D73FBDA27284ADB004558E9 /* RichText.swift in Sources */,
				5D2DD00A26FB443D0001C85A /* GlobalActions.swift in Sources */,
				5D71DF57247C153C00B53ED4 /* ExplorePage.swift in Sources */,
				5D1D8C0426EBAC07009DF65A /* UserDetailActions.swift in Sources */,
				5DA69A4924ACBC8D00F8B77A /* V2erApp.swift in Sources */,
				5D1D8E2226B1969B0040C418 /* CreateTopicPage.swift in Sources */,
				5DE62A2926CEB20E0082161A /* Extentions.swift in Sources */,
				5D54903326AB9E2200BB0CC0 /* SwiftUIView.swift in Sources */,
				5DE5B4CD268466D800569684 /* UpdatableView.swift in Sources */,
				5D1D8C0226EBA88C009DF65A /* UserDetailInfo.swift in Sources */,
				5DCE4CE6270BC683006BA98D /* UserFeedState.swift in Sources */,
				5D0CFA7C26B992B2001A8A7F /* MyFollowPage.swift in Sources */,
				5DE5C579249D90AD0004DCC6 /* Color.swift in Sources */,
				5D1CB5BC27244618002DB087 /* Nodes.swift in Sources */,
				5D02BD5F26909146007B6A1B /* LoadmoreIndicatorView.swift in Sources */,
				5D3CD31F26D0F5F600B3C2D3 /* BaseModel.swift in Sources */,
				5D6871862718761800329E73 /* FeedbackHelperView.swift in Sources */,
				5D38DEF5268C21A800C48F94 /* ActivityIndicator.swift in Sources */,
				5D3CD32126D0F9CC00B3C2D3 /* TabInfo.swift in Sources */,
				5D0A513F26E36F15006F3D9B /* FeedDetailActions.swift in Sources */,
				5DA2AD3726C17EB9007FB1EF /* AppState.swift in Sources */,
				5D71DF59247C155400B53ED4 /* MessagePage.swift in Sources */,
				5DA2AD4626C18208007FB1EF /* MeState.swift in Sources */,
				5D88D5DA26C200FB00302265 /* FeedReducer.swift in Sources */,
				5D8FAA36272AD27A0067766E /* TestView.swift in Sources */,
				5D6EE28B2693DC470053B637 /* FeedDetailPage.swift in Sources */,
				5D6871882718764E00329E73 /* AboutView.swift in Sources */,
				5DCE4CEA270D9700006BA98D /* MyFavoriteState.swift in Sources */,
				5D88D5DC26C2016000302265 /* ExploreReducer.swift in Sources */,
				5DD2BA0027263E76004F357D /* SearchStateReducer.swift in Sources */,
				5D2B2B3A26FF5DF800446F93 /* AccountInfo.swift in Sources */,
				5D6AAAAA26917E7B00F42A13 /* Helper.swift in Sources */,
				5D5EA3062741614700974E0F /* Headers.swift in Sources */,
				5D68717E27186A6200329E73 /* AppearanceSettingView.swift in Sources */,
				5D0A513D26E36AB9006F3D9B /* FeedDetailState.swift in Sources */,
				5D1D8BFE26EBA857009DF65A /* UserDetailReducer.swift in Sources */,
				5DF417742712DA7500E6D135 /* MyRecentState.swift in Sources */,
				5DF92A5D26859DDD00E6086E /* HeadIndicatorView.swift in Sources */,
				5D6AAAAC2691851100F42A13 /* Utils.swift in Sources */,
				5D612FA126C7C34E0009B8F9 /* NetworkException.swift in Sources */,
				5DE5B4CA2684601A00569684 /* TopBar.swift in Sources */,
				5D2B2B3E26FF797600446F93 /* AccountState.swift in Sources */,
				5D5D0473275906A7007DC546 /* TwoStepLoginResultInfo.swift in Sources */,
				5D71DF55247C0FFE00B53ED4 /* FeedPage.swift in Sources */,
				5DA2AD4226C18112007FB1EF /* ExploreState.swift in Sources */,
				5D91F8D526F22A6F0089D72E /* TagDetailState.swift in Sources */,
				5DD2B9FE27263E3A004F357D /* SearchState.swift in Sources */,
				5DCE4CF0270D978B006BA98D /* SettingState.swift in Sources */,
				5D436FED24791C2C00FFA37E /* MainPage.swift in Sources */,
				5DA2AD3E26C18043007FB1EF /* FluxState.swift in Sources */,
				5DCE4CE8270D9551006BA98D /* UserFeedReducer.swift in Sources */,
				5D5677CB2721916300543FE8 /* CreateReducer.swift in Sources */,
				5DCE4CEC270D9746006BA98D /* MyFollowState.swift in Sources */,
				5D6871822718717B00329E73 /* OtherSettingsView.swift in Sources */,
				5D8FAA38272D26200067766E /* RootView.swift in Sources */,
				5D04BF9726C9FB6E0005F7E3 /* FeedInfo.swift in Sources */,
				4EC32AF229D818FC003A3BD4 /* WebBrowserView.swift in Sources */,
				5D0A513926E26473006F3D9B /* FeedDetailReducer.swift in Sources */,
				5D2DD00826FB353C0001C85A /* DefaultReducer.swift in Sources */,
				5D0CFA8026B992FC001A8A7F /* MyRecentPage.swift in Sources */,
				5D18A2822730106000ADE1D0 /* HtmlView.swift in Sources */,
				5D0CFA7E26B992D6001A8A7F /* MyFavoritePage.swift in Sources */,
				5D0A513726E0CBFC006F3D9B /* ExploreActions.swift in Sources */,
				5D271DCD271C6F730077808F /* NodeChooserPage.swift in Sources */,
				5D74653D2705B97F0020F1F8 /* UpdatableState.swift in Sources */,
				5D368C8826C419D000794B8E /* APIService.swift in Sources */,
				5D88D5E026C2017E00302265 /* MeReducer.swift in Sources */,
				5DD4639E26F70CE800A1FBA1 /* LoginPage.swift in Sources */,
				5D1D7B8B26FD7FCE008E0C08 /* DailyInfo.swift in Sources */,
				5DA2AD4426C18121007FB1EF /* FeedState.swift in Sources */,
				5D8D752627656EF900460478 /* TwoStepLoginPage.swift in Sources */,
				5D843E9526A4537C00C47D95 /* SearchPage.swift in Sources */,
				5D612FA326C7C61C0009B8F9 /* Endpoint.swift in Sources */,
				5D2B2B3C26FF754F00446F93 /* Persist.swift in Sources */,
				5D1D8C0A26EDEC96009DF65A /* GlobalState.swift in Sources */,
				5D1D7B8426FC8323008E0C08 /* LoginState.swift in Sources */,
				5DF1B36D2698A39E0046DB20 /* Device.swift in Sources */,
				5DD440D3269F1F5E00EE0FAB /* Syles.swift in Sources */,
				5DA2AD3926C17ECC007FB1EF /* Action.swift in Sources */,
				5DA2DC8826ADAD6400022C31 /* FlowStack.swift in Sources */,
				5DCDE3942695D16B00261385 /* AuthorInfoView.swift in Sources */,
				5DF417722712CD8D00E6D135 /* NodeView.swift in Sources */,
				5DCE4CF2270D9827006BA98D /* MyFavoriteReducer.swift in Sources */,
				5DAA50A626F0D8DD00CB63DE /* TagDetailInfo.swift in Sources */,
				5D4E43FC2699E20400650714 /* AvatarView.swift in Sources */,
				5D5677CD2721923B00543FE8 /* CreateTopicState.swift in Sources */,
				5D1D8C0026EBA875009DF65A /* UserDetailState.swift in Sources */,
				5D4E43FA2699DDE200650714 /* ReplyItemView.swift in Sources */,
				5D1D8E2426B19A640040C418 /* UserDetailPage.swift in Sources */,
				5D5DA26A24A4939B005BC60F /* ViewExtension.swift in Sources */,
				5DCE4CF4270D9850006BA98D /* MyFollowReducer.swift in Sources */,
				5D1D8C0626ECA457009DF65A /* ModelUtils.swift in Sources */,
				5DB622A026DE8BCD0026C4A8 /* ExploreInfo.swift in Sources */,
				5D6AAAAF2692036100F42A13 /* FeedItemView.swift in Sources */,
				5D68717C271853DB00329E73 /* SectionItemView.swift in Sources */,
				5D0CFA7A26B9926C001A8A7F /* SettingsPage.swift in Sources */,
				5DED91CE269FBA2D00BD942B /* NavbarHostView.swift in Sources */,
				5D7B78F626C2BB490037D000 /* StateView.swift in Sources */,
				5D4E43F82699DBC600650714 /* NewsContentView.swift in Sources */,
				5DC05A55273D5A2B003561A9 /* Toast.swift in Sources */,
				5D143198270426FD00462661 /* MeActions.swift in Sources */,
				5DCE4CF8270D9871006BA98D /* SettingReducer.swift in Sources */,
				5D0A513B26E26505006F3D9B /* FeedDetailInfo.swift in Sources */,
				5D88D5DE26C2017400302265 /* MessageReducer.swift in Sources */,
				5D66C6742742875F00328249 /* ThxAuthorInfo.swift in Sources */,
				5D9D5223269543DA00D80D6B /* TagDetailPage.swift in Sources */,
				5D1F4265249713640043F604 /* VEBlur.swift in Sources */,
				5D68718027186E0300329E73 /* BrowseSettingView.swift in Sources */,
				5D22A26D26AF16D700F769E2 /* SectionTitleView.swift in Sources */,
				5DF80E3626A2D045002ADC79 /* MultilineTextField.swift in Sources */,
				5D2B2B3826FF336600446F93 /* TwoStepLoginInfo.swift in Sources */,
				5D6B67B726D54BA1003A246B /* UA.swift in Sources */,
				5D71DF5B247C155D00B53ED4 /* MePage.swift in Sources */,
				5DA2AD3526C17EA5007FB1EF /* Store.swift in Sources */,
				5DCE4CF6270D9865006BA98D /* MyRecentReducer.swift in Sources */,
				5D1D7B8726FC9B61008E0C08 /* LoginReducer.swift in Sources */,
				5DA2AD4826C18232007FB1EF /* MessageState.swift in Sources */,
				5D0CFA8226B9935B001A8A7F /* UserFeedPage.swift in Sources */,
				5D096A08247ABF5E00EF3E47 /* TabBar.swift in Sources */,
				5D91F8D926F22CEC0089D72E /* TagDetailReducer.swift in Sources */,
				5D45FC2B26CD3FCF0055C336 /* SwiftSoupExtention.swift in Sources */,
			);
			runOnlyForDeploymentPostprocessing = 0;
		};
		5D436FF724791C2D00FFA37E /* Sources */ = {
			isa = PBXSourcesBuildPhase;
			buildActionMask = 2147483647;
			files = (
				5D43700024791C2D00FFA37E /* V2erTests.swift in Sources */,
			);
			runOnlyForDeploymentPostprocessing = 0;
		};
		5D43700224791C2D00FFA37E /* Sources */ = {
			isa = PBXSourcesBuildPhase;
			buildActionMask = 2147483647;
			files = (
				5D43700B24791C2D00FFA37E /* V2erUITests.swift in Sources */,
			);
			runOnlyForDeploymentPostprocessing = 0;
		};
/* End PBXSourcesBuildPhase section */

/* Begin PBXTargetDependency section */
		5D436FFD24791C2D00FFA37E /* PBXTargetDependency */ = {
			isa = PBXTargetDependency;
			target = 5D436FE424791C2C00FFA37E /* V2er */;
			targetProxy = 5D436FFC24791C2D00FFA37E /* PBXContainerItemProxy */;
		};
		5D43700824791C2D00FFA37E /* PBXTargetDependency */ = {
			isa = PBXTargetDependency;
			target = 5D436FE424791C2C00FFA37E /* V2er */;
			targetProxy = 5D43700724791C2D00FFA37E /* PBXContainerItemProxy */;
		};
/* End PBXTargetDependency section */

/* Begin XCBuildConfiguration section */
		5D43700D24791C2D00FFA37E /* Debug */ = {
			isa = XCBuildConfiguration;
			buildSettings = {
				ALWAYS_SEARCH_USER_PATHS = NO;
				CLANG_ANALYZER_NONNULL = YES;
				CLANG_ANALYZER_NUMBER_OBJECT_CONVERSION = YES_AGGRESSIVE;
				CLANG_CXX_LANGUAGE_STANDARD = "gnu++14";
				CLANG_CXX_LIBRARY = "libc++";
				CLANG_ENABLE_MODULES = YES;
				CLANG_ENABLE_OBJC_ARC = YES;
				CLANG_ENABLE_OBJC_WEAK = YES;
				CLANG_WARN_BLOCK_CAPTURE_AUTORELEASING = YES;
				CLANG_WARN_BOOL_CONVERSION = YES;
				CLANG_WARN_COMMA = YES;
				CLANG_WARN_CONSTANT_CONVERSION = YES;
				CLANG_WARN_DEPRECATED_OBJC_IMPLEMENTATIONS = YES;
				CLANG_WARN_DIRECT_OBJC_ISA_USAGE = YES_ERROR;
				CLANG_WARN_DOCUMENTATION_COMMENTS = YES;
				CLANG_WARN_EMPTY_BODY = YES;
				CLANG_WARN_ENUM_CONVERSION = YES;
				CLANG_WARN_INFINITE_RECURSION = YES;
				CLANG_WARN_INT_CONVERSION = YES;
				CLANG_WARN_NON_LITERAL_NULL_CONVERSION = YES;
				CLANG_WARN_OBJC_IMPLICIT_RETAIN_SELF = YES;
				CLANG_WARN_OBJC_LITERAL_CONVERSION = YES;
				CLANG_WARN_OBJC_ROOT_CLASS = YES_ERROR;
				CLANG_WARN_QUOTED_INCLUDE_IN_FRAMEWORK_HEADER = YES;
				CLANG_WARN_RANGE_LOOP_ANALYSIS = YES;
				CLANG_WARN_STRICT_PROTOTYPES = YES;
				CLANG_WARN_SUSPICIOUS_MOVE = YES;
				CLANG_WARN_UNGUARDED_AVAILABILITY = YES_AGGRESSIVE;
				CLANG_WARN_UNREACHABLE_CODE = YES;
				CLANG_WARN__DUPLICATE_METHOD_MATCH = YES;
				COPY_PHASE_STRIP = NO;
				DEBUG_INFORMATION_FORMAT = dwarf;
				ENABLE_STRICT_OBJC_MSGSEND = YES;
				ENABLE_TESTABILITY = YES;
				GCC_C_LANGUAGE_STANDARD = gnu11;
				GCC_DYNAMIC_NO_PIC = NO;
				GCC_NO_COMMON_BLOCKS = YES;
				GCC_OPTIMIZATION_LEVEL = 0;
				GCC_PREPROCESSOR_DEFINITIONS = (
					"DEBUG=1",
					"$(inherited)",
				);
				GCC_WARN_64_TO_32_BIT_CONVERSION = YES;
				GCC_WARN_ABOUT_RETURN_TYPE = YES_ERROR;
				GCC_WARN_UNDECLARED_SELECTOR = YES;
				GCC_WARN_UNINITIALIZED_AUTOS = YES_AGGRESSIVE;
				GCC_WARN_UNUSED_FUNCTION = YES;
				GCC_WARN_UNUSED_VARIABLE = YES;
				IPHONEOS_DEPLOYMENT_TARGET = 15.0;
				MTL_ENABLE_DEBUG_INFO = INCLUDE_SOURCE;
				MTL_FAST_MATH = YES;
				ONLY_ACTIVE_ARCH = YES;
				SDKROOT = iphoneos;
				SWIFT_ACTIVE_COMPILATION_CONDITIONS = DEBUG;
				SWIFT_OPTIMIZATION_LEVEL = "-Onone";
			};
			name = Debug;
		};
		5D43700E24791C2D00FFA37E /* Release */ = {
			isa = XCBuildConfiguration;
			buildSettings = {
				ALWAYS_SEARCH_USER_PATHS = NO;
				CLANG_ANALYZER_NONNULL = YES;
				CLANG_ANALYZER_NUMBER_OBJECT_CONVERSION = YES_AGGRESSIVE;
				CLANG_CXX_LANGUAGE_STANDARD = "gnu++14";
				CLANG_CXX_LIBRARY = "libc++";
				CLANG_ENABLE_MODULES = YES;
				CLANG_ENABLE_OBJC_ARC = YES;
				CLANG_ENABLE_OBJC_WEAK = YES;
				CLANG_WARN_BLOCK_CAPTURE_AUTORELEASING = YES;
				CLANG_WARN_BOOL_CONVERSION = YES;
				CLANG_WARN_COMMA = YES;
				CLANG_WARN_CONSTANT_CONVERSION = YES;
				CLANG_WARN_DEPRECATED_OBJC_IMPLEMENTATIONS = YES;
				CLANG_WARN_DIRECT_OBJC_ISA_USAGE = YES_ERROR;
				CLANG_WARN_DOCUMENTATION_COMMENTS = YES;
				CLANG_WARN_EMPTY_BODY = YES;
				CLANG_WARN_ENUM_CONVERSION = YES;
				CLANG_WARN_INFINITE_RECURSION = YES;
				CLANG_WARN_INT_CONVERSION = YES;
				CLANG_WARN_NON_LITERAL_NULL_CONVERSION = YES;
				CLANG_WARN_OBJC_IMPLICIT_RETAIN_SELF = YES;
				CLANG_WARN_OBJC_LITERAL_CONVERSION = YES;
				CLANG_WARN_OBJC_ROOT_CLASS = YES_ERROR;
				CLANG_WARN_QUOTED_INCLUDE_IN_FRAMEWORK_HEADER = YES;
				CLANG_WARN_RANGE_LOOP_ANALYSIS = YES;
				CLANG_WARN_STRICT_PROTOTYPES = YES;
				CLANG_WARN_SUSPICIOUS_MOVE = YES;
				CLANG_WARN_UNGUARDED_AVAILABILITY = YES_AGGRESSIVE;
				CLANG_WARN_UNREACHABLE_CODE = YES;
				CLANG_WARN__DUPLICATE_METHOD_MATCH = YES;
				COPY_PHASE_STRIP = NO;
				DEBUG_INFORMATION_FORMAT = "dwarf-with-dsym";
				ENABLE_NS_ASSERTIONS = NO;
				ENABLE_STRICT_OBJC_MSGSEND = YES;
				GCC_C_LANGUAGE_STANDARD = gnu11;
				GCC_NO_COMMON_BLOCKS = YES;
				GCC_WARN_64_TO_32_BIT_CONVERSION = YES;
				GCC_WARN_ABOUT_RETURN_TYPE = YES_ERROR;
				GCC_WARN_UNDECLARED_SELECTOR = YES;
				GCC_WARN_UNINITIALIZED_AUTOS = YES_AGGRESSIVE;
				GCC_WARN_UNUSED_FUNCTION = YES;
				GCC_WARN_UNUSED_VARIABLE = YES;
				IPHONEOS_DEPLOYMENT_TARGET = 15.0;
				MTL_ENABLE_DEBUG_INFO = NO;
				MTL_FAST_MATH = YES;
				SDKROOT = iphoneos;
				SWIFT_COMPILATION_MODE = wholemodule;
				SWIFT_OPTIMIZATION_LEVEL = "-O";
				VALIDATE_PRODUCT = YES;
			};
			name = Release;
		};
		5D43701024791C2D00FFA37E /* Debug */ = {
			isa = XCBuildConfiguration;
			buildSettings = {
				ASSETCATALOG_COMPILER_APPICON_NAME = AppIcon;
				CODE_SIGN_IDENTITY = "Apple Development";
				CODE_SIGN_STYLE = Automatic;
				CURRENT_PROJECT_VERSION = 2;
				DEVELOPMENT_ASSET_PATHS = "\"V2er/Preview Content\"";
				DEVELOPMENT_TEAM = DZCZQ4694Z;
				ENABLE_PREVIEWS = YES;
				INFOPLIST_FILE = V2er/Info.plist;
				INFOPLIST_KEY_CFBundleDisplayName = V2er;
				INFOPLIST_KEY_LSApplicationCategoryType = "public.app-category.social-networking";
				IPHONEOS_DEPLOYMENT_TARGET = 15.0;
				LD_RUNPATH_SEARCH_PATHS = (
					"$(inherited)",
					"@executable_path/Frameworks",
				);
				MARKETING_VERSION = 1.0.1;
				PRODUCT_BUNDLE_IDENTIFIER = v2er.app;
				PRODUCT_NAME = "$(TARGET_NAME)";
				PROVISIONING_PROFILE_SPECIFIER = "";
				SWIFT_VERSION = 5.0;
				TARGETED_DEVICE_FAMILY = 1;
			};
			name = Debug;
		};
		5D43701124791C2D00FFA37E /* Release */ = {
			isa = XCBuildConfiguration;
			buildSettings = {
				ASSETCATALOG_COMPILER_APPICON_NAME = AppIcon;
				CODE_SIGN_IDENTITY = "Apple Development";
				CODE_SIGN_STYLE = Automatic;
				CURRENT_PROJECT_VERSION = 2;
				DEVELOPMENT_ASSET_PATHS = "\"V2er/Preview Content\"";
				DEVELOPMENT_TEAM = DZCZQ4694Z;
				ENABLE_PREVIEWS = YES;
				INFOPLIST_FILE = V2er/Info.plist;
				INFOPLIST_KEY_CFBundleDisplayName = V2er;
				INFOPLIST_KEY_LSApplicationCategoryType = "public.app-category.social-networking";
				IPHONEOS_DEPLOYMENT_TARGET = 15.0;
				LD_RUNPATH_SEARCH_PATHS = (
					"$(inherited)",
					"@executable_path/Frameworks",
				);
				MARKETING_VERSION = 1.0.1;
				PRODUCT_BUNDLE_IDENTIFIER = v2er.app;
				PRODUCT_NAME = "$(TARGET_NAME)";
				PROVISIONING_PROFILE_SPECIFIER = "";
				SWIFT_VERSION = 5.0;
				TARGETED_DEVICE_FAMILY = 1;
			};
			name = Release;
		};
		5D43701324791C2D00FFA37E /* Debug */ = {
			isa = XCBuildConfiguration;
			buildSettings = {
				ALWAYS_EMBED_SWIFT_STANDARD_LIBRARIES = YES;
				BUNDLE_LOADER = "$(TEST_HOST)";
				CODE_SIGN_STYLE = Automatic;
				DEVELOPMENT_TEAM = 3ZMN67J68N;
				INFOPLIST_FILE = V2erTests/Info.plist;
				IPHONEOS_DEPLOYMENT_TARGET = 15.0;
				LD_RUNPATH_SEARCH_PATHS = (
					"$(inherited)",
					"@executable_path/Frameworks",
					"@loader_path/Frameworks",
				);
				PRODUCT_BUNDLE_IDENTIFIER = io.lessmore.V2erTests;
				PRODUCT_NAME = "$(TARGET_NAME)";
				SWIFT_VERSION = 5.0;
				TARGETED_DEVICE_FAMILY = "1,2";
				TEST_HOST = "$(BUILT_PRODUCTS_DIR)/V2er.app/V2er";
			};
			name = Debug;
		};
		5D43701424791C2D00FFA37E /* Release */ = {
			isa = XCBuildConfiguration;
			buildSettings = {
				ALWAYS_EMBED_SWIFT_STANDARD_LIBRARIES = YES;
				BUNDLE_LOADER = "$(TEST_HOST)";
				CODE_SIGN_STYLE = Automatic;
				DEVELOPMENT_TEAM = 3ZMN67J68N;
				INFOPLIST_FILE = V2erTests/Info.plist;
				IPHONEOS_DEPLOYMENT_TARGET = 15.0;
				LD_RUNPATH_SEARCH_PATHS = (
					"$(inherited)",
					"@executable_path/Frameworks",
					"@loader_path/Frameworks",
				);
				PRODUCT_BUNDLE_IDENTIFIER = io.lessmore.V2erTests;
				PRODUCT_NAME = "$(TARGET_NAME)";
				SWIFT_VERSION = 5.0;
				TARGETED_DEVICE_FAMILY = "1,2";
				TEST_HOST = "$(BUILT_PRODUCTS_DIR)/V2er.app/V2er";
			};
			name = Release;
		};
		5D43701624791C2D00FFA37E /* Debug */ = {
			isa = XCBuildConfiguration;
			buildSettings = {
				ALWAYS_EMBED_SWIFT_STANDARD_LIBRARIES = YES;
				CODE_SIGN_STYLE = Automatic;
				DEVELOPMENT_TEAM = 3ZMN67J68N;
				INFOPLIST_FILE = V2erUITests/Info.plist;
				LD_RUNPATH_SEARCH_PATHS = (
					"$(inherited)",
					"@executable_path/Frameworks",
					"@loader_path/Frameworks",
				);
				PRODUCT_BUNDLE_IDENTIFIER = io.lessmore.V2erUITests;
				PRODUCT_NAME = "$(TARGET_NAME)";
				SWIFT_VERSION = 5.0;
				TARGETED_DEVICE_FAMILY = "1,2";
				TEST_TARGET_NAME = V2er;
			};
			name = Debug;
		};
		5D43701724791C2D00FFA37E /* Release */ = {
			isa = XCBuildConfiguration;
			buildSettings = {
				ALWAYS_EMBED_SWIFT_STANDARD_LIBRARIES = YES;
				CODE_SIGN_STYLE = Automatic;
				DEVELOPMENT_TEAM = 3ZMN67J68N;
				INFOPLIST_FILE = V2erUITests/Info.plist;
				LD_RUNPATH_SEARCH_PATHS = (
					"$(inherited)",
					"@executable_path/Frameworks",
					"@loader_path/Frameworks",
				);
				PRODUCT_BUNDLE_IDENTIFIER = io.lessmore.V2erUITests;
				PRODUCT_NAME = "$(TARGET_NAME)";
				SWIFT_VERSION = 5.0;
				TARGETED_DEVICE_FAMILY = "1,2";
				TEST_TARGET_NAME = V2er;
			};
			name = Release;
		};
/* End XCBuildConfiguration section */

/* Begin XCConfigurationList section */
		5D436FE024791C2C00FFA37E /* Build configuration list for PBXProject "V2er" */ = {
			isa = XCConfigurationList;
			buildConfigurations = (
				5D43700D24791C2D00FFA37E /* Debug */,
				5D43700E24791C2D00FFA37E /* Release */,
			);
			defaultConfigurationIsVisible = 0;
			defaultConfigurationName = Release;
		};
		5D43700F24791C2D00FFA37E /* Build configuration list for PBXNativeTarget "V2er" */ = {
			isa = XCConfigurationList;
			buildConfigurations = (
				5D43701024791C2D00FFA37E /* Debug */,
				5D43701124791C2D00FFA37E /* Release */,
			);
			defaultConfigurationIsVisible = 0;
			defaultConfigurationName = Release;
		};
		5D43701224791C2D00FFA37E /* Build configuration list for PBXNativeTarget "V2erTests" */ = {
			isa = XCConfigurationList;
			buildConfigurations = (
				5D43701324791C2D00FFA37E /* Debug */,
				5D43701424791C2D00FFA37E /* Release */,
			);
			defaultConfigurationIsVisible = 0;
			defaultConfigurationName = Release;
		};
		5D43701524791C2D00FFA37E /* Build configuration list for PBXNativeTarget "V2erUITests" */ = {
			isa = XCConfigurationList;
			buildConfigurations = (
				5D43701624791C2D00FFA37E /* Debug */,
				5D43701724791C2D00FFA37E /* Release */,
			);
			defaultConfigurationIsVisible = 0;
			defaultConfigurationName = Release;
		};
/* End XCConfigurationList section */

/* Begin XCRemoteSwiftPackageReference section */
		4E55BE8829D45FC00044389C /* XCRemoteSwiftPackageReference "Kingfisher" */ = {
			isa = XCRemoteSwiftPackageReference;
			repositoryURL = "https://github.com/onevcat/Kingfisher.git";
			requirement = {
				branch = master;
				kind = branch;
			};
		};
		4EC32AEE29D81863003A3BD4 /* XCRemoteSwiftPackageReference "SwiftUI-WebView" */ = {
			isa = XCRemoteSwiftPackageReference;
			repositoryURL = "https://github.com/kylehickinson/SwiftUI-WebView";
			requirement = {
				kind = upToNextMajorVersion;
				minimumVersion = 0.3.0;
			};
		};
		5D0CFA8326B994F5001A8A7F /* XCRemoteSwiftPackageReference "SwiftSoup" */ = {
			isa = XCRemoteSwiftPackageReference;
			repositoryURL = "https://github.com/scinfu/SwiftSoup.git";
			requirement = {
				kind = upToNextMajorVersion;
				minimumVersion = 2.0.0;
			};
		};
		5D8FAA32272A70F50067766E /* XCRemoteSwiftPackageReference "SwiftRichText" */ = {
			isa = XCRemoteSwiftPackageReference;
			repositoryURL = "https://github.com/sethcreate/SwiftRichText";
			requirement = {
				kind = revision;
				revision = 86d3f06a48d1641e348f162afc99832b42cb9ce9;
			};
		};
/* End XCRemoteSwiftPackageReference section */

/* Begin XCSwiftPackageProductDependency section */
		4E55BE8929D45FC00044389C /* Kingfisher */ = {
			isa = XCSwiftPackageProductDependency;
			package = 4E55BE8829D45FC00044389C /* XCRemoteSwiftPackageReference "Kingfisher" */;
			productName = Kingfisher;
		};
		4EC32AEF29D81863003A3BD4 /* WebView */ = {
			isa = XCSwiftPackageProductDependency;
			package = 4EC32AEE29D81863003A3BD4 /* XCRemoteSwiftPackageReference "SwiftUI-WebView" */;
			productName = WebView;
		};
		5D0CFA8426B994F5001A8A7F /* SwiftSoup */ = {
			isa = XCSwiftPackageProductDependency;
			package = 5D0CFA8326B994F5001A8A7F /* XCRemoteSwiftPackageReference "SwiftSoup" */;
			productName = SwiftSoup;
		};
		5D8FAA33272A70F50067766E /* Atributika */ = {
			isa = XCSwiftPackageProductDependency;
			package = 5D8FAA32272A70F50067766E /* XCRemoteSwiftPackageReference "SwiftRichText" */;
			productName = Atributika;
		};
/* End XCSwiftPackageProductDependency section */
	};
	rootObject = 5D436FDD24791C2C00FFA37E /* Project object */;
}
