{
  "object": {
    "pins": [
      {
        "package": "BxRefreshableScrollView",
        "repositoryURL": "https://github.com/puretears/BxRefreshableScrollView",
        "state": {
          "branch": null,
          "revision": "cf69232636fe2af882c2bdf8709815a207e7e3a1",
          "version": "1.0.1"
        }
      }
    ]
  },
  "version": 1
}
